
Microsoft Visual Studio Solution File, Format Version 12.00
# Visual Studio Version 17
VisualStudioVersion = 17.5.33414.496
MinimumVisualStudioVersion = 10.0.40219.1
Project("{2150E333-8FDC-42A3-9474-1A3956D46DE8}") = "Metinsel_Degiskenler", "Metinsel_Degiskenler", "{AD9A3E72-EFD2-4A4B-ACC7-AF55F35B812D}"
EndProject
Project("{9A19103F-16F7-4668-BE54-9A1E7A4F7556}") = "metinsel-degiskenler", "metinsel-degiskenler\metinsel-degiskenler.csproj", "{C3F4873D-69D0-45D1-A116-CAABF2ED091F}"
EndProject
Project("{2150E333-8FDC-42A3-9474-1A3956D46DE8}") = "Sayisal_Degiskenler", "Sayisal_Degiskenler", "{3723F8A6-43F1-44A5-A134-1116FB00A85D}"
EndProject
Project("{9A19103F-16F7-4668-BE54-9A1E7A4F7556}") = "sayisal_degiskenler", "sayisal_degiskenler\sayisal_degiskenler.csproj", "{88C27BD8-7641-4DE1-B753-775F388366D3}"
EndProject
Project("{2150E333-8FDC-42A3-9474-1A3956D46DE8}") = "Ondalıklı_Degiskenler", "Ondalıklı_Degiskenler", "{E67F86B2-D00D-42FE-8A71-A67367095481}"
EndProject
Project("{9A19103F-16F7-4668-BE54-9A1E7A4F7556}") = "ondalikli_degiskenler", "ondalikli_degiskenler\ondalikli_degiskenler.csproj", "{79739C99-2847-4980-AC21-0AD4D3246559}"
EndProject
Project("{2150E333-8FDC-42A3-9474-1A3956D46DE8}") = "MAtiksal_Degisken", "MAtiksal_Degisken", "{1810671F-C9C7-454B-9D0C-82225351F076}"
EndProject
Project("{9A19103F-16F7-4668-BE54-9A1E7A4F7556}") = "mantiksal_degisken", "mantiksal_degisken\mantiksal_degisken.csproj", "{E9CC92BE-1896-4EF6-B26A-C5AE5074125B}"
EndProject
Project("{2150E333-8FDC-42A3-9474-1A3956D46DE8}") = "Zamansal_Degisken", "Zamansal_Degisken", "{365CF1BF-3455-42BF-A16F-FD4DD60C1AA0}"
EndProject
Project("{9A19103F-16F7-4668-BE54-9A1E7A4F7556}") = "zamansal_degisken", "zamansal_degisken\zamansal_degisken.csproj", "{90D20A01-D873-44FA-98E3-8EA55D750BC1}"
EndProject
Project("{2150E333-8FDC-42A3-9474-1A3956D46DE8}") = "Degiskenlerin_Davranislari", "Degiskenlerin_Davranislari", "{1C42FEC2-EEEF-4606-A90A-D4C1A1584CA4}"
EndProject
Project("{9A19103F-16F7-4668-BE54-9A1E7A4F7556}") = "degiskenlerin_davranislari", "degiskenlerin_davranislari\degiskenlerin_davranislari.csproj", "{1FAC2B7F-DB81-4360-A148-81B6FFFA1859}"
EndProject
Project("{2150E333-8FDC-42A3-9474-1A3956D46DE8}") = "Alistima", "Alistima", "{C409125B-6702-4E3F-BE6F-C8DEDB019AEC}"
EndProject
Project("{9A19103F-16F7-4668-BE54-9A1E7A4F7556}") = "Alistirma", "Alistirma_1\Alistirma.csproj", "{EF99887F-F918-4FE9-ACCB-67FA8B9D3B77}"
EndProject
Project("{2150E333-8FDC-42A3-9474-1A3956D46DE8}") = "Tur_Donusumu", "Tur_Donusumu", "{A40CFF97-5592-4CC3-8E1C-1908928A39FE}"
EndProject
Project("{9A19103F-16F7-4668-BE54-9A1E7A4F7556}") = "Bilincli", "Bilincli\Bilincli.csproj", "{B82FFBDF-07F9-482C-80DF-F87A8404E3DC}"
EndProject
Project("{9A19103F-16F7-4668-BE54-9A1E7A4F7556}") = "Bilincsiz", "Bilincsiz\Bilincsiz.csproj", "{0EC70AB6-F95A-4D67-8F32-7E6B412FAA52}"
EndProject
Project("{2150E333-8FDC-42A3-9474-1A3956D46DE8}") = "Object-Tipi", "Object-Tipi", "{CBC9EBB4-511F-4C29-97EB-3F752941D934}"
EndProject
Project("{9A19103F-16F7-4668-BE54-9A1E7A4F7556}") = "Object&Boxing", "Object\Object&Boxing.csproj", "{59D4BACC-5F33-4C22-A828-A7A4BE0F2CA1}"
EndProject
Project("{2150E333-8FDC-42A3-9474-1A3956D46DE8}") = "ConvertveParse", "ConvertveParse", "{9F502767-155A-49A4-983F-294CD089DECA}"
EndProject
Project("{9A19103F-16F7-4668-BE54-9A1E7A4F7556}") = "Convert&Parse", "Convert&Parse\Convert&Parse.csproj", "{1BCD5892-7267-414B-9034-84429DBC2546}"
EndProject
Project("{2150E333-8FDC-42A3-9474-1A3956D46DE8}") = "Var_inceleme", "Var_inceleme", "{9A1D9067-5F53-4118-B1EB-821FAE3C09AC}"
EndProject
Project("{9A19103F-16F7-4668-BE54-9A1E7A4F7556}") = "var", "var\var.csproj", "{DF424D51-5288-4F4B-8055-34DED9ECBB3A}"
EndProject
Project("{2150E333-8FDC-42A3-9474-1A3956D46DE8}") = "Degiskenler_ve_TurDonusumleri", "Degiskenler_ve_TurDonusumleri", "{0218411A-79BD-4A28-BB8F-BB1232E2D352}"
EndProject
Project("{2150E333-8FDC-42A3-9474-1A3956D46DE8}") = "BolumSonu_Alistirma", "BolumSonu_Alistirma", "{1DCBB725-0A68-4DC3-B0F9-7D8460BB297C}"
EndProject
Project("{9A19103F-16F7-4668-BE54-9A1E7A4F7556}") = "Alistirma1", "Alistirma1\Alistirma1.csproj", "{30619758-D3CC-474E-B425-2BC398D082EE}"
EndProject
Project("{9A19103F-16F7-4668-BE54-9A1E7A4F7556}") = "Alistirma2", "Alistirma2\Alistirma2.csproj", "{1A3CBAC9-A272-4E83-A848-6CCC3109D1F3}"
EndProject
Project("{2150E333-8FDC-42A3-9474-1A3956D46DE8}") = "Operator_Kullanimi", "Operator_Kullanimi", "{6DD7E81F-89FA-4501-9CEF-0D1104D5E4C4}"
EndProject
Project("{2150E333-8FDC-42A3-9474-1A3956D46DE8}") = "AritmatikselOperatorler-Toplama", "AritmatikselOperatorler-Toplama", "{38B125B2-699B-476B-877B-546AAA9F39BB}"
EndProject
Project("{FAE04EC0-301F-11D3-BF4B-00C04F79EFBC}") = "AritmatikselOperatorler-Toplama", "AritmatikselOperatorler\AritmatikselOperatorler-Toplama.csproj", "{4CF7905A-C7E3-47C3-95E6-07946D4D5493}"
EndProject
Project("{2150E333-8FDC-42A3-9474-1A3956D46DE8}") = "AritmatikselOperatorler-Cikartma", "AritmatikselOperatorler-Cikartma", "{807AF15F-0693-4435-AF85-7DDC97AACBFD}"
EndProject
Project("{FAE04EC0-301F-11D3-BF4B-00C04F79EFBC}") = "AritmatikselOperatorler-Cikarma", "AritmatikselOperatorler-Cikarma\AritmatikselOperatorler-Cikarma.csproj", "{BF594290-6CC6-42E1-B293-884DDB65B2F2}"
EndProject
Project("{2150E333-8FDC-42A3-9474-1A3956D46DE8}") = "AritmatikselOperatorler-Carpma", "AritmatikselOperatorler-Carpma", "{33074992-C94E-403A-A807-97C5CA1C3335}"
EndProject
Project("{FAE04EC0-301F-11D3-BF4B-00C04F79EFBC}") = "AritmatikselOperatorler-Carpma", "AritmatikselOperatorler-Carpma\AritmatikselOperatorler-Carpma.csproj", "{2E4D66B1-E214-415E-995C-F498B2FEF239}"
EndProject
Project("{2150E333-8FDC-42A3-9474-1A3956D46DE8}") = "AritmatikselOperatorler-Bolme", "AritmatikselOperatorler-Bolme", "{679FAD53-8CC7-4A70-89BF-900DA9477130}"
EndProject
Project("{FAE04EC0-301F-11D3-BF4B-00C04F79EFBC}") = "AritmatikselOperatorler-Bolme", "AritmatikselOperatorler-Bolme\AritmatikselOperatorler-Bolme.csproj", "{82B868BA-FAFD-44E3-9395-66B695CF0C04}"
EndProject
Project("{2150E333-8FDC-42A3-9474-1A3956D46DE8}") = "Ozel_Operatorler", "Ozel_Operatorler", "{9632BE8B-CC3F-4A9D-96EB-3CFE41CEAD0B}"
EndProject
Project("{FAE04EC0-301F-11D3-BF4B-00C04F79EFBC}") = "OzelOperatorler", "OzelOperatorler\OzelOperatorler.csproj", "{31A07B26-1FE7-4093-95B0-D850A05C6129}"
EndProject
Project("{2150E333-8FDC-42A3-9474-1A3956D46DE8}") = "Alistirma", "Alistirma", "{DBDD10D0-F734-485D-8C47-92DB3650B42B}"
EndProject
Project("{FAE04EC0-301F-11D3-BF4B-00C04F79EFBC}") = "Alistirma", "Alistirma\Alistirma.csproj", "{C53C586F-B6CF-4C97-B2CB-02E41B0E4EB5}"
EndProject
Global
	GlobalSection(SolutionConfigurationPlatforms) = preSolution
		Debug|Any CPU = Debug|Any CPU
		Release|Any CPU = Release|Any CPU
	EndGlobalSection
	GlobalSection(ProjectConfigurationPlatforms) = postSolution
		{C3F4873D-69D0-45D1-A116-CAABF2ED091F}.Debug|Any CPU.ActiveCfg = Debug|Any CPU
		{C3F4873D-69D0-45D1-A116-CAABF2ED091F}.Debug|Any CPU.Build.0 = Debug|Any CPU
		{C3F4873D-69D0-45D1-A116-CAABF2ED091F}.Release|Any CPU.ActiveCfg = Release|Any CPU
		{C3F4873D-69D0-45D1-A116-CAABF2ED091F}.Release|Any CPU.Build.0 = Release|Any CPU
		{88C27BD8-7641-4DE1-B753-775F388366D3}.Debug|Any CPU.ActiveCfg = Debug|Any CPU
		{88C27BD8-7641-4DE1-B753-775F388366D3}.Debug|Any CPU.Build.0 = Debug|Any CPU
		{88C27BD8-7641-4DE1-B753-775F388366D3}.Release|Any CPU.ActiveCfg = Release|Any CPU
		{88C27BD8-7641-4DE1-B753-775F388366D3}.Release|Any CPU.Build.0 = Release|Any CPU
		{79739C99-2847-4980-AC21-0AD4D3246559}.Debug|Any CPU.ActiveCfg = Debug|Any CPU
		{79739C99-2847-4980-AC21-0AD4D3246559}.Debug|Any CPU.Build.0 = Debug|Any CPU
		{79739C99-2847-4980-AC21-0AD4D3246559}.Release|Any CPU.ActiveCfg = Release|Any CPU
		{79739C99-2847-4980-AC21-0AD4D3246559}.Release|Any CPU.Build.0 = Release|Any CPU
		{E9CC92BE-1896-4EF6-B26A-C5AE5074125B}.Debug|Any CPU.ActiveCfg = Debug|Any CPU
		{E9CC92BE-1896-4EF6-B26A-C5AE5074125B}.Debug|Any CPU.Build.0 = Debug|Any CPU
		{E9CC92BE-1896-4EF6-B26A-C5AE5074125B}.Release|Any CPU.ActiveCfg = Release|Any CPU
		{E9CC92BE-1896-4EF6-B26A-C5AE5074125B}.Release|Any CPU.Build.0 = Release|Any CPU
		{90D20A01-D873-44FA-98E3-8EA55D750BC1}.Debug|Any CPU.ActiveCfg = Debug|Any CPU
		{90D20A01-D873-44FA-98E3-8EA55D750BC1}.Debug|Any CPU.Build.0 = Debug|Any CPU
		{90D20A01-D873-44FA-98E3-8EA55D750BC1}.Release|Any CPU.ActiveCfg = Release|Any CPU
		{90D20A01-D873-44FA-98E3-8EA55D750BC1}.Release|Any CPU.Build.0 = Release|Any CPU
		{1FAC2B7F-DB81-4360-A148-81B6FFFA1859}.Debug|Any CPU.ActiveCfg = Debug|Any CPU
		{1FAC2B7F-DB81-4360-A148-81B6FFFA1859}.Debug|Any CPU.Build.0 = Debug|Any CPU
		{1FAC2B7F-DB81-4360-A148-81B6FFFA1859}.Release|Any CPU.ActiveCfg = Release|Any CPU
		{1FAC2B7F-DB81-4360-A148-81B6FFFA1859}.Release|Any CPU.Build.0 = Release|Any CPU
		{EF99887F-F918-4FE9-ACCB-67FA8B9D3B77}.Debug|Any CPU.ActiveCfg = Debug|Any CPU
		{EF99887F-F918-4FE9-ACCB-67FA8B9D3B77}.Debug|Any CPU.Build.0 = Debug|Any CPU
		{EF99887F-F918-4FE9-ACCB-67FA8B9D3B77}.Release|Any CPU.ActiveCfg = Release|Any CPU
		{EF99887F-F918-4FE9-ACCB-67FA8B9D3B77}.Release|Any CPU.Build.0 = Release|Any CPU
		{B82FFBDF-07F9-482C-80DF-F87A8404E3DC}.Debug|Any CPU.ActiveCfg = Debug|Any CPU
		{B82FFBDF-07F9-482C-80DF-F87A8404E3DC}.Debug|Any CPU.Build.0 = Debug|Any CPU
		{B82FFBDF-07F9-482C-80DF-F87A8404E3DC}.Release|Any CPU.ActiveCfg = Release|Any CPU
		{B82FFBDF-07F9-482C-80DF-F87A8404E3DC}.Release|Any CPU.Build.0 = Release|Any CPU
		{0EC70AB6-F95A-4D67-8F32-7E6B412FAA52}.Debug|Any CPU.ActiveCfg = Debug|Any CPU
		{0EC70AB6-F95A-4D67-8F32-7E6B412FAA52}.Debug|Any CPU.Build.0 = Debug|Any CPU
		{0EC70AB6-F95A-4D67-8F32-7E6B412FAA52}.Release|Any CPU.ActiveCfg = Release|Any CPU
		{0EC70AB6-F95A-4D67-8F32-7E6B412FAA52}.Release|Any CPU.Build.0 = Release|Any CPU
		{59D4BACC-5F33-4C22-A828-A7A4BE0F2CA1}.Debug|Any CPU.ActiveCfg = Debug|Any CPU
		{59D4BACC-5F33-4C22-A828-A7A4BE0F2CA1}.Debug|Any CPU.Build.0 = Debug|Any CPU
		{59D4BACC-5F33-4C22-A828-A7A4BE0F2CA1}.Release|Any CPU.ActiveCfg = Release|Any CPU
		{59D4BACC-5F33-4C22-A828-A7A4BE0F2CA1}.Release|Any CPU.Build.0 = Release|Any CPU
		{1BCD5892-7267-414B-9034-84429DBC2546}.Debug|Any CPU.ActiveCfg = Debug|Any CPU
		{1BCD5892-7267-414B-9034-84429DBC2546}.Debug|Any CPU.Build.0 = Debug|Any CPU
		{1BCD5892-7267-414B-9034-84429DBC2546}.Release|Any CPU.ActiveCfg = Release|Any CPU
		{1BCD5892-7267-414B-9034-84429DBC2546}.Release|Any CPU.Build.0 = Release|Any CPU
		{DF424D51-5288-4F4B-8055-34DED9ECBB3A}.Debug|Any CPU.ActiveCfg = Debug|Any CPU
		{DF424D51-5288-4F4B-8055-34DED9ECBB3A}.Debug|Any CPU.Build.0 = Debug|Any CPU
		{DF424D51-5288-4F4B-8055-34DED9ECBB3A}.Release|Any CPU.ActiveCfg = Release|Any CPU
		{DF424D51-5288-4F4B-8055-34DED9ECBB3A}.Release|Any CPU.Build.0 = Release|Any CPU
		{30619758-D3CC-474E-B425-2BC398D082EE}.Debug|Any CPU.ActiveCfg = Debug|Any CPU
		{30619758-D3CC-474E-B425-2BC398D082EE}.Debug|Any CPU.Build.0 = Debug|Any CPU
		{30619758-D3CC-474E-B425-2BC398D082EE}.Release|Any CPU.ActiveCfg = Release|Any CPU
		{30619758-D3CC-474E-B425-2BC398D082EE}.Release|Any CPU.Build.0 = Release|Any CPU
		{1A3CBAC9-A272-4E83-A848-6CCC3109D1F3}.Debug|Any CPU.ActiveCfg = Debug|Any CPU
		{1A3CBAC9-A272-4E83-A848-6CCC3109D1F3}.Debug|Any CPU.Build.0 = Debug|Any CPU
		{1A3CBAC9-A272-4E83-A848-6CCC3109D1F3}.Release|Any CPU.ActiveCfg = Release|Any CPU
		{1A3CBAC9-A272-4E83-A848-6CCC3109D1F3}.Release|Any CPU.Build.0 = Release|Any CPU
		{4CF7905A-C7E3-47C3-95E6-07946D4D5493}.Debug|Any CPU.ActiveCfg = Debug|Any CPU
		{4CF7905A-C7E3-47C3-95E6-07946D4D5493}.Debug|Any CPU.Build.0 = Debug|Any CPU
		{4CF7905A-C7E3-47C3-95E6-07946D4D5493}.Release|Any CPU.ActiveCfg = Release|Any CPU
		{4CF7905A-C7E3-47C3-95E6-07946D4D5493}.Release|Any CPU.Build.0 = Release|Any CPU
		{BF594290-6CC6-42E1-B293-884DDB65B2F2}.Debug|Any CPU.ActiveCfg = Debug|Any CPU
		{BF594290-6CC6-42E1-B293-884DDB65B2F2}.Debug|Any CPU.Build.0 = Debug|Any CPU
		{BF594290-6CC6-42E1-B293-884DDB65B2F2}.Release|Any CPU.ActiveCfg = Release|Any CPU
		{BF594290-6CC6-42E1-B293-884DDB65B2F2}.Release|Any CPU.Build.0 = Release|Any CPU
		{2E4D66B1-E214-415E-995C-F498B2FEF239}.Debug|Any CPU.ActiveCfg = Debug|Any CPU
		{2E4D66B1-E214-415E-995C-F498B2FEF239}.Debug|Any CPU.Build.0 = Debug|Any CPU
		{2E4D66B1-E214-415E-995C-F498B2FEF239}.Release|Any CPU.ActiveCfg = Release|Any CPU
		{2E4D66B1-E214-415E-995C-F498B2FEF239}.Release|Any CPU.Build.0 = Release|Any CPU
		{82B868BA-FAFD-44E3-9395-66B695CF0C04}.Debug|Any CPU.ActiveCfg = Debug|Any CPU
		{82B868BA-FAFD-44E3-9395-66B695CF0C04}.Debug|Any CPU.Build.0 = Debug|Any CPU
		{82B868BA-FAFD-44E3-9395-66B695CF0C04}.Release|Any CPU.ActiveCfg = Release|Any CPU
		{82B868BA-FAFD-44E3-9395-66B695CF0C04}.Release|Any CPU.Build.0 = Release|Any CPU
		{31A07B26-1FE7-4093-95B0-D850A05C6129}.Debug|Any CPU.ActiveCfg = Debug|Any CPU
		{31A07B26-1FE7-4093-95B0-D850A05C6129}.Debug|Any CPU.Build.0 = Debug|Any CPU
		{31A07B26-1FE7-4093-95B0-D850A05C6129}.Release|Any CPU.ActiveCfg = Release|Any CPU
		{31A07B26-1FE7-4093-95B0-D850A05C6129}.Release|Any CPU.Build.0 = Release|Any CPU
		{C53C586F-B6CF-4C97-B2CB-02E41B0E4EB5}.Debug|Any CPU.ActiveCfg = Debug|Any CPU
		{C53C586F-B6CF-4C97-B2CB-02E41B0E4EB5}.Debug|Any CPU.Build.0 = Debug|Any CPU
		{C53C586F-B6CF-4C97-B2CB-02E41B0E4EB5}.Release|Any CPU.ActiveCfg = Release|Any CPU
		{C53C586F-B6CF-4C97-B2CB-02E41B0E4EB5}.Release|Any CPU.Build.0 = Release|Any CPU
	EndGlobalSection
	GlobalSection(SolutionProperties) = preSolution
		HideSolutionNode = FALSE
	EndGlobalSection
	GlobalSection(NestedProjects) = preSolution
		{AD9A3E72-EFD2-4A4B-ACC7-AF55F35B812D} = {0218411A-79BD-4A28-BB8F-BB1232E2D352}
		{C3F4873D-69D0-45D1-A116-CAABF2ED091F} = {AD9A3E72-EFD2-4A4B-ACC7-AF55F35B812D}
		{3723F8A6-43F1-44A5-A134-1116FB00A85D} = {0218411A-79BD-4A28-BB8F-BB1232E2D352}
		{88C27BD8-7641-4DE1-B753-775F388366D3} = {3723F8A6-43F1-44A5-A134-1116FB00A85D}
		{E67F86B2-D00D-42FE-8A71-A67367095481} = {0218411A-79BD-4A28-BB8F-BB1232E2D352}
		{79739C99-2847-4980-AC21-0AD4D3246559} = {E67F86B2-D00D-42FE-8A71-A67367095481}
		{1810671F-C9C7-454B-9D0C-82225351F076} = {0218411A-79BD-4A28-BB8F-BB1232E2D352}
		{E9CC92BE-1896-4EF6-B26A-C5AE5074125B} = {1810671F-C9C7-454B-9D0C-82225351F076}
		{365CF1BF-3455-42BF-A16F-FD4DD60C1AA0} = {0218411A-79BD-4A28-BB8F-BB1232E2D352}
		{90D20A01-D873-44FA-98E3-8EA55D750BC1} = {365CF1BF-3455-42BF-A16F-FD4DD60C1AA0}
		{1C42FEC2-EEEF-4606-A90A-D4C1A1584CA4} = {0218411A-79BD-4A28-BB8F-BB1232E2D352}
		{1FAC2B7F-DB81-4360-A148-81B6FFFA1859} = {1C42FEC2-EEEF-4606-A90A-D4C1A1584CA4}
		{C409125B-6702-4E3F-BE6F-C8DEDB019AEC} = {0218411A-79BD-4A28-BB8F-BB1232E2D352}
		{EF99887F-F918-4FE9-ACCB-67FA8B9D3B77} = {C409125B-6702-4E3F-BE6F-C8DEDB019AEC}
		{A40CFF97-5592-4CC3-8E1C-1908928A39FE} = {0218411A-79BD-4A28-BB8F-BB1232E2D352}
		{B82FFBDF-07F9-482C-80DF-F87A8404E3DC} = {A40CFF97-5592-4CC3-8E1C-1908928A39FE}
		{0EC70AB6-F95A-4D67-8F32-7E6B412FAA52} = {A40CFF97-5592-4CC3-8E1C-1908928A39FE}
		{CBC9EBB4-511F-4C29-97EB-3F752941D934} = {0218411A-79BD-4A28-BB8F-BB1232E2D352}
		{59D4BACC-5F33-4C22-A828-A7A4BE0F2CA1} = {CBC9EBB4-511F-4C29-97EB-3F752941D934}
		{9F502767-155A-49A4-983F-294CD089DECA} = {0218411A-79BD-4A28-BB8F-BB1232E2D352}
		{1BCD5892-7267-414B-9034-84429DBC2546} = {9F502767-155A-49A4-983F-294CD089DECA}
		{9A1D9067-5F53-4118-B1EB-821FAE3C09AC} = {0218411A-79BD-4A28-BB8F-BB1232E2D352}
		{DF424D51-5288-4F4B-8055-34DED9ECBB3A} = {9A1D9067-5F53-4118-B1EB-821FAE3C09AC}
		{1DCBB725-0A68-4DC3-B0F9-7D8460BB297C} = {0218411A-79BD-4A28-BB8F-BB1232E2D352}
		{30619758-D3CC-474E-B425-2BC398D082EE} = {1DCBB725-0A68-4DC3-B0F9-7D8460BB297C}
		{1A3CBAC9-A272-4E83-A848-6CCC3109D1F3} = {1DCBB725-0A68-4DC3-B0F9-7D8460BB297C}
		{38B125B2-699B-476B-877B-546AAA9F39BB} = {6DD7E81F-89FA-4501-9CEF-0D1104D5E4C4}
		{4CF7905A-C7E3-47C3-95E6-07946D4D5493} = {38B125B2-699B-476B-877B-546AAA9F39BB}
		{807AF15F-0693-4435-AF85-7DDC97AACBFD} = {6DD7E81F-89FA-4501-9CEF-0D1104D5E4C4}
		{BF594290-6CC6-42E1-B293-884DDB65B2F2} = {807AF15F-0693-4435-AF85-7DDC97AACBFD}
		{33074992-C94E-403A-A807-97C5CA1C3335} = {6DD7E81F-89FA-4501-9CEF-0D1104D5E4C4}
		{2E4D66B1-E214-415E-995C-F498B2FEF239} = {33074992-C94E-403A-A807-97C5CA1C3335}
		{679FAD53-8CC7-4A70-89BF-900DA9477130} = {6DD7E81F-89FA-4501-9CEF-0D1104D5E4C4}
		{82B868BA-FAFD-44E3-9395-66B695CF0C04} = {679FAD53-8CC7-4A70-89BF-900DA9477130}
		{9632BE8B-CC3F-4A9D-96EB-3CFE41CEAD0B} = {6DD7E81F-89FA-4501-9CEF-0D1104D5E4C4}
		{31A07B26-1FE7-4093-95B0-D850A05C6129} = {9632BE8B-CC3F-4A9D-96EB-3CFE41CEAD0B}
		{DBDD10D0-F734-485D-8C47-92DB3650B42B} = {6DD7E81F-89FA-4501-9CEF-0D1104D5E4C4}
		{C53C586F-B6CF-4C97-B2CB-02E41B0E4EB5} = {DBDD10D0-F734-485D-8C47-92DB3650B42B}
	EndGlobalSection
	GlobalSection(ExtensibilityGlobals) = postSolution
		SolutionGuid = {E444480A-E709-4659-987F-B136A9868B48}
	EndGlobalSection
EndGlobal
