
Microsoft Visual Studio Solution File, Format Version 12.00
# Visual Studio Version 17
VisualStudioVersion = 17.5.33414.496
MinimumVisualStudioVersion = 10.0.40219.1
Project("{2150E333-8FDC-42A3-9474-1A3956D46DE8}") = "Metinsel_Degiskenler", "Metinsel_Degiskenler", "{AD9A3E72-EFD2-4A4B-ACC7-AF55F35B812D}"
EndProject
Project("{9A19103F-16F7-4668-BE54-9A1E7A4F7556}") = "metinsel-degiskenler", "metinsel-degiskenler\metinsel-degiskenler.csproj", "{C3F4873D-69D0-45D1-A116-CAABF2ED091F}"
EndProject
Project("{2150E333-8FDC-42A3-9474-1A3956D46DE8}") = "Sayisal_Degiskenler", "Sayisal_Degiskenler", "{3723F8A6-43F1-44A5-A134-1116FB00A85D}"
EndProject
Project("{9A19103F-16F7-4668-BE54-9A1E7A4F7556}") = "sayisal_degiskenler", "sayisal_degiskenler\sayisal_degiskenler.csproj", "{88C27BD8-7641-4DE1-B753-775F388366D3}"
EndProject
Project("{2150E333-8FDC-42A3-9474-1A3956D46DE8}") = "Ondalıklı_Degiskenler", "Ondalıklı_Degiskenler", "{E67F86B2-D00D-42FE-8A71-A67367095481}"
EndProject
Project("{9A19103F-16F7-4668-BE54-9A1E7A4F7556}") = "ondalikli_degiskenler", "ondalikli_degiskenler\ondalikli_degiskenler.csproj", "{79739C99-2847-4980-AC21-0AD4D3246559}"
EndProject
Project("{2150E333-8FDC-42A3-9474-1A3956D46DE8}") = "MAtiksal_Degisken", "MAtiksal_Degisken", "{1810671F-C9C7-454B-9D0C-82225351F076}"
EndProject
Project("{9A19103F-16F7-4668-BE54-9A1E7A4F7556}") = "mantiksal_degisken", "mantiksal_degisken\mantiksal_degisken.csproj", "{E9CC92BE-1896-4EF6-B26A-C5AE5074125B}"
EndProject
Project("{2150E333-8FDC-42A3-9474-1A3956D46DE8}") = "Zamansal_Degisken", "Zamansal_Degisken", "{365CF1BF-3455-42BF-A16F-FD4DD60C1AA0}"
EndProject
Project("{9A19103F-16F7-4668-BE54-9A1E7A4F7556}") = "zamansal_degisken", "zamansal_degisken\zamansal_degisken.csproj", "{90D20A01-D873-44FA-98E3-8EA55D750BC1}"
EndProject
Project("{2150E333-8FDC-42A3-9474-1A3956D46DE8}") = "Degiskenlerin_Davranislari", "Degiskenlerin_Davranislari", "{1C42FEC2-EEEF-4606-A90A-D4C1A1584CA4}"
EndProject
Project("{9A19103F-16F7-4668-BE54-9A1E7A4F7556}") = "degiskenlerin_davranislari", "degiskenlerin_davranislari\degiskenlerin_davranislari.csproj", "{1FAC2B7F-DB81-4360-A148-81B6FFFA1859}"
EndProject
Project("{2150E333-8FDC-42A3-9474-1A3956D46DE8}") = "Alistima", "Alistima", "{C409125B-6702-4E3F-BE6F-C8DEDB019AEC}"
EndProject
Project("{9A19103F-16F7-4668-BE54-9A1E7A4F7556}") = "Alistirma", "Alistirma_1\Alistirma.csproj", "{EF99887F-F918-4FE9-ACCB-67FA8B9D3B77}"
EndProject
Project("{2150E333-8FDC-42A3-9474-1A3956D46DE8}") = "Tur_Donusumu", "Tur_Donusumu", "{A40CFF97-5592-4CC3-8E1C-1908928A39FE}"
EndProject
Project("{9A19103F-16F7-4668-BE54-9A1E7A4F7556}") = "Bilincli", "Bilincli\Bilincli.csproj", "{B82FFBDF-07F9-482C-80DF-F87A8404E3DC}"
EndProject
Project("{9A19103F-16F7-4668-BE54-9A1E7A4F7556}") = "Bilincsiz", "Bilincsiz\Bilincsiz.csproj", "{0EC70AB6-F95A-4D67-8F32-7E6B412FAA52}"
EndProject
Project("{2150E333-8FDC-42A3-9474-1A3956D46DE8}") = "Object-Tipi", "Object-Tipi", "{CBC9EBB4-511F-4C29-97EB-3F752941D934}"
EndProject
Project("{9A19103F-16F7-4668-BE54-9A1E7A4F7556}") = "Object&Boxing", "Object\Object&Boxing.csproj", "{59D4BACC-5F33-4C22-A828-A7A4BE0F2CA1}"
EndProject
Project("{2150E333-8FDC-42A3-9474-1A3956D46DE8}") = "ConvertveParse", "ConvertveParse", "{9F502767-155A-49A4-983F-294CD089DECA}"
EndProject
Project("{9A19103F-16F7-4668-BE54-9A1E7A4F7556}") = "Convert&Parse", "Convert&Parse\Convert&Parse.csproj", "{1BCD5892-7267-414B-9034-84429DBC2546}"
EndProject
Project("{2150E333-8FDC-42A3-9474-1A3956D46DE8}") = "Var_inceleme", "Var_inceleme", "{9A1D9067-5F53-4118-B1EB-821FAE3C09AC}"
EndProject
Project("{9A19103F-16F7-4668-BE54-9A1E7A4F7556}") = "var", "var\var.csproj", "{DF424D51-5288-4F4B-8055-34DED9ECBB3A}"
EndProject
Project("{2150E333-8FDC-42A3-9474-1A3956D46DE8}") = "Degiskenler_ve_TurDonusumleri", "Degiskenler_ve_TurDonusumleri", "{0218411A-79BD-4A28-BB8F-BB1232E2D352}"
EndProject
Project("{2150E333-8FDC-42A3-9474-1A3956D46DE8}") = "BolumSonu_Alistirma", "BolumSonu_Alistirma", "{1DCBB725-0A68-4DC3-B0F9-7D8460BB297C}"
EndProject
Project("{9A19103F-16F7-4668-BE54-9A1E7A4F7556}") = "Alistirma1", "Alistirma1\Alistirma1.csproj", "{30619758-D3CC-474E-B425-2BC398D082EE}"
EndProject
Project("{9A19103F-16F7-4668-BE54-9A1E7A4F7556}") = "Alistirma2", "Alistirma2\Alistirma2.csproj", "{1A3CBAC9-A272-4E83-A848-6CCC3109D1F3}"
EndProject
Project("{2150E333-8FDC-42A3-9474-1A3956D46DE8}") = "Operator_Kullanimi", "Operator_Kullanimi", "{6DD7E81F-89FA-4501-9CEF-0D1104D5E4C4}"
EndProject
Project("{2150E333-8FDC-42A3-9474-1A3956D46DE8}") = "AritmatikselOperatorler-Toplama", "AritmatikselOperatorler-Toplama", "{38B125B2-699B-476B-877B-546AAA9F39BB}"
EndProject
Project("{9A19103F-16F7-4668-BE54-9A1E7A4F7556}") = "AritmatikselOperatorler-Toplama", "AritmatikselOperatorler\AritmatikselOperatorler-Toplama.csproj", "{4CF7905A-C7E3-47C3-95E6-07946D4D5493}"
EndProject
Project("{2150E333-8FDC-42A3-9474-1A3956D46DE8}") = "AritmatikselOperatorler-Cikartma", "AritmatikselOperatorler-Cikartma", "{807AF15F-0693-4435-AF85-7DDC97AACBFD}"
EndProject
Project("{9A19103F-16F7-4668-BE54-9A1E7A4F7556}") = "AritmatikselOperatorler-Cikarma", "AritmatikselOperatorler-Cikarma\AritmatikselOperatorler-Cikarma.csproj", "{BF594290-6CC6-42E1-B293-884DDB65B2F2}"
EndProject
Project("{2150E333-8FDC-42A3-9474-1A3956D46DE8}") = "AritmatikselOperatorler-Carpma", "AritmatikselOperatorler-Carpma", "{33074992-C94E-403A-A807-97C5CA1C3335}"
EndProject
Project("{9A19103F-16F7-4668-BE54-9A1E7A4F7556}") = "AritmatikselOperatorler-Carpma", "AritmatikselOperatorler-Carpma\AritmatikselOperatorler-Carpma.csproj", "{2E4D66B1-E214-415E-995C-F498B2FEF239}"
EndProject
Project("{2150E333-8FDC-42A3-9474-1A3956D46DE8}") = "AritmatikselOperatorler-Bolme", "AritmatikselOperatorler-Bolme", "{679FAD53-8CC7-4A70-89BF-900DA9477130}"
EndProject
Project("{9A19103F-16F7-4668-BE54-9A1E7A4F7556}") = "AritmatikselOperatorler-Bolme", "AritmatikselOperatorler-Bolme\AritmatikselOperatorler-Bolme.csproj", "{82B868BA-FAFD-44E3-9395-66B695CF0C04}"
EndProject
Project("{2150E333-8FDC-42A3-9474-1A3956D46DE8}") = "Ozel_Operatorler", "Ozel_Operatorler", "{9632BE8B-CC3F-4A9D-96EB-3CFE41CEAD0B}"
EndProject
Project("{9A19103F-16F7-4668-BE54-9A1E7A4F7556}") = "OzelOperatorler", "OzelOperatorler\OzelOperatorler.csproj", "{31A07B26-1FE7-4093-95B0-D850A05C6129}"
EndProject
Project("{2150E333-8FDC-42A3-9474-1A3956D46DE8}") = "Alistirmalar", "Alistirmalar", "{DBDD10D0-F734-485D-8C47-92DB3650B42B}"
EndProject
Project("{9A19103F-16F7-4668-BE54-9A1E7A4F7556}") = "Alistirma", "Alistirma\Alistirma.csproj", "{C53C586F-B6CF-4C97-B2CB-02E41B0E4EB5}"
EndProject
Project("{9A19103F-16F7-4668-BE54-9A1E7A4F7556}") = "Alistirma2", "Alistirma2\Alistirma\Alistirma2.csproj", "{A211E893-1038-4B68-8C14-50FD5C218C05}"
EndProject
Project("{9A19103F-16F7-4668-BE54-9A1E7A4F7556}") = "KarsilastirmaOperatorleri", "AritmatikselOperatorler-Buyuktur\KarsilastirmaOperatorleri.csproj", "{F2177437-2042-415D-A6E4-355C7EC8496B}"
EndProject
Project("{2150E333-8FDC-42A3-9474-1A3956D46DE8}") = "KarsilastirmaOperatorleri", "KarsilastirmaOperatorleri", "{B5E62D21-BDC8-4D0D-A7DE-187DDF8881C6}"
EndProject
Project("{2150E333-8FDC-42A3-9474-1A3956D46DE8}") = "IS_Operatoru", "IS_Operatoru", "{90D50F3A-33D7-4151-8AC2-29782C99ED9A}"
EndProject
Project("{9A19103F-16F7-4668-BE54-9A1E7A4F7556}") = "IS_Operatoru", "IS_Operatoru\IS_Operatoru.csproj", "{0E68A8AB-5AC9-463A-A5B3-3204EE9AAC6B}"
EndProject
Project("{2150E333-8FDC-42A3-9474-1A3956D46DE8}") = "AS_Operatoru", "AS_Operatoru", "{B4241E54-8873-47EC-80C1-B0BE192ACE58}"
EndProject
Project("{9A19103F-16F7-4668-BE54-9A1E7A4F7556}") = "AS_Operatoru", "AS_Operatoru\AS_Operatoru.csproj", "{380634C4-EE86-4C27-B471-8C4C23B15D07}"
EndProject
Project("{9A19103F-16F7-4668-BE54-9A1E7A4F7556}") = "Alistirma3", "Alistirma2\Alistirma3\Alistirma3.csproj", "{D817051A-FBE1-48F4-9B8E-879CD0D30D75}"
EndProject
Project("{9A19103F-16F7-4668-BE54-9A1E7A4F7556}") = "Alistirma4", "Alistirma2\Alistirma4\Alistirma4.csproj", "{BA3C0F23-D84D-4CC6-8462-DC0972C39951}"
EndProject
Project("{2150E333-8FDC-42A3-9474-1A3956D46DE8}") = "MantiksalOperatorler", "MantiksalOperatorler", "{21A77E26-46EC-450E-9800-07214979F893}"
EndProject
Project("{9A19103F-16F7-4668-BE54-9A1E7A4F7556}") = "MantiksalOperatorler", "MantiksalOperatorler\MantiksalOperatorler.csproj", "{1B242EEC-4714-478D-8151-BCEF0DC0C8BE}"
EndProject
Project("{2150E333-8FDC-42A3-9474-1A3956D46DE8}") = "Kosul-Ifadeleri", "Kosul-Ifadeleri", "{81F205D4-0A3D-4BB3-8384-38D6E5097949}"
EndProject
Project("{2150E333-8FDC-42A3-9474-1A3956D46DE8}") = "IF", "IF", "{BB06289C-8156-4E5C-B9E4-5C8AE6A00F73}"
EndProject
Project("{2150E333-8FDC-42A3-9474-1A3956D46DE8}") = "IF-Else", "IF-Else", "{11FC984C-72C9-4036-B027-F08C4A1DCE3F}"
EndProject
Project("{2150E333-8FDC-42A3-9474-1A3956D46DE8}") = "IF-Else-If", "IF-Else-If", "{18BFA4DD-32F1-41A7-BD31-587FD779A426}"
EndProject
Project("{2150E333-8FDC-42A3-9474-1A3956D46DE8}") = "Switch", "Switch", "{1C2D086F-5231-43DC-8A96-81DDFF4F2002}"
EndProject
Project("{9A19103F-16F7-4668-BE54-9A1E7A4F7556}") = "IF", "IF\IF.csproj", "{F583C3FD-104B-4D9F-85C1-59F781387908}"
EndProject
Project("{9A19103F-16F7-4668-BE54-9A1E7A4F7556}") = "IF-ELSE", "IF-ELSE\IF-ELSE.csproj", "{E8DDB55E-4470-4743-AAC9-119EF83BBD3A}"
EndProject
Project("{9A19103F-16F7-4668-BE54-9A1E7A4F7556}") = "IF-ELSE-IF", "IF-ELSE-IF\IF-ELSE-IF.csproj", "{049FB23B-BB78-4F98-BD6F-43046F8029C8}"
EndProject
Project("{9A19103F-16F7-4668-BE54-9A1E7A4F7556}") = "Switchcase", "Switch\Switchcase.csproj", "{3DB14AF1-796A-4D9F-86AC-E637FEAA1187}"
EndProject
Project("{2150E333-8FDC-42A3-9474-1A3956D46DE8}") = "Alistirmalar", "Alistirmalar", "{A8F6FB2F-9019-433C-90B6-1EC0D4E4C82F}"
EndProject
Project("{9A19103F-16F7-4668-BE54-9A1E7A4F7556}") = "Alistirmalar", "Alistirmalar\Alistirmalar.csproj", "{500B9FBA-CC5D-4711-98CC-EB08C2C64F41}"
EndProject
Project("{2150E333-8FDC-42A3-9474-1A3956D46DE8}") = "Odev", "Odev", "{784542EC-04DF-457E-A9CE-B5F7C1462826}"
EndProject
Project("{9A19103F-16F7-4668-BE54-9A1E7A4F7556}") = "Odev", "Odev\Odev.csproj", "{A5CE8528-7AB8-404C-9D44-7EC456DB67B4}"
EndProject
Project("{9A19103F-16F7-4668-BE54-9A1E7A4F7556}") = "Alistirma2", "Alistirmalar\Alistirma2\Alistirma2.csproj", "{ADB9C269-60FE-449F-BEAF-F5B994F1876F}"
EndProject
Project("{9A19103F-16F7-4668-BE54-9A1E7A4F7556}") = "Odev2", "Odev2\Odev2.csproj", "{1A888391-B804-43BB-A27C-BD7FC3EDD8C0}"
EndProject
Project("{9A19103F-16F7-4668-BE54-9A1E7A4F7556}") = "Odev3", "Odev3\Odev3.csproj", "{AD3BACC8-AA27-4FA0-BD37-0815A96F8A19}"
EndProject
Project("{2150E333-8FDC-42A3-9474-1A3956D46DE8}") = "Donguler", "Donguler", "{F2E529EA-46F5-4004-ABCE-3DCEA68CA902}"
EndProject
Project("{9A19103F-16F7-4668-BE54-9A1E7A4F7556}") = "For-Dongu", "For-Dongu\For-Dongu.csproj", "{AB9555AD-99B5-4109-A9A8-128A36E24245}"
EndProject
Project("{2150E333-8FDC-42A3-9474-1A3956D46DE8}") = "ForDongusu", "ForDongusu", "{54ED658F-3C51-4B71-A91B-97B9C60CB27C}"
EndProject
Project("{2150E333-8FDC-42A3-9474-1A3956D46DE8}") = "Odev", "Odev", "{9C4A66B6-7424-4F09-873C-998AC8CB8CEE}"
EndProject
Project("{9A19103F-16F7-4668-BE54-9A1E7A4F7556}") = "Odev1", "Odev1\Odev1.csproj", "{B0E930A1-8F10-4A74-A5D9-1E6DDEF39618}"
EndProject
Project("{9A19103F-16F7-4668-BE54-9A1E7A4F7556}") = "Break", "Break-Continue\Break.csproj", "{E79E5E56-B47E-46E9-A5AE-5AAFBD3F0FF6}"
EndProject
Project("{9A19103F-16F7-4668-BE54-9A1E7A4F7556}") = "Continue", "Continue\Continue.csproj", "{1E8AB9EC-A596-4608-846A-2DA3B5DEC4C2}"
EndProject
Project("{2150E333-8FDC-42A3-9474-1A3956D46DE8}") = "Ic-iceFor", "Ic-iceFor", "{D91E1CC6-3194-4EA3-8D03-4D7AA099EE60}"
EndProject
Project("{9A19103F-16F7-4668-BE54-9A1E7A4F7556}") = "Ic-ice-for", "Ic-ice-for\Ic-ice-for.csproj", "{7F6E638F-3369-4A01-9146-135576CA0592}"
EndProject
Project("{2150E333-8FDC-42A3-9474-1A3956D46DE8}") = "Foreach", "Foreach", "{D39C39E4-3E0F-4316-A4A2-766F97AE4C44}"
EndProject
Project("{9A19103F-16F7-4668-BE54-9A1E7A4F7556}") = "Foreach_Dongusu", "Foreach_Dongusu\Foreach_Dongusu.csproj", "{A904B5DD-683C-4C73-BD48-CCA635508F0E}"
EndProject
Project("{2150E333-8FDC-42A3-9474-1A3956D46DE8}") = "While_Dongusu", "While_Dongusu", "{AE351603-BCFF-460F-833E-C7184BF961A0}"
EndProject
Project("{9A19103F-16F7-4668-BE54-9A1E7A4F7556}") = "while_dongusu", "while_dongusu\while_dongusu.csproj", "{EF84E400-E9FE-4ED7-BC9A-300663119FB4}"
EndProject
Project("{2150E333-8FDC-42A3-9474-1A3956D46DE8}") = "Alistirmalar", "Alistirmalar", "{DC578F99-45D4-4858-935F-ABA22C09E209}"
EndProject
Project("{FAE04EC0-301F-11D3-BF4B-00C04F79EFBC}") = "Alistirma1", "Alistirmalar\alistirma1\Alistirma1.csproj", "{596B3AB8-2A7E-4CA8-90D1-E93CEC8B1885}"
EndProject
Project("{FAE04EC0-301F-11D3-BF4B-00C04F79EFBC}") = "Odev3", "Odev\Odev3\Odev3.csproj", "{54787A0D-8C72-44A7-8FE3-FB3CE6ED415C}"
EndProject
Project("{FAE04EC0-301F-11D3-BF4B-00C04F79EFBC}") = "Odev2", "Odev\Odev2\Odev2.csproj", "{76AF3931-5C73-44EC-8D98-858ED14E202F}"
EndProject
Project("{FAE04EC0-301F-11D3-BF4B-00C04F79EFBC}") = "Alistirma2", "Alistirma\Alistirma2\Alistirma2.csproj", "{45596FD3-4B33-4199-91C6-4CE6BB456D97}"
EndProject
Project("{FAE04EC0-301F-11D3-BF4B-00C04F79EFBC}") = "Odev4", "Odev\Odev4\Odev4.csproj", "{1C70BD8B-80D2-4D70-A4AF-3E5D35686A69}"
EndProject
Project("{2150E333-8FDC-42A3-9474-1A3956D46DE8}") = "Do-While_Dongusu", "Do-While_Dongusu", "{73EC2FD8-6EE8-4C0A-BF21-EA65C8B27568}"
EndProject
Project("{FAE04EC0-301F-11D3-BF4B-00C04F79EFBC}") = "Do-While", "Do-While\Do-While.csproj", "{17533D6D-69E2-4BD3-805D-107335307883}"
EndProject
Project("{FAE04EC0-301F-11D3-BF4B-00C04F79EFBC}") = "Odev5", "Odev5\Odev5.csproj", "{DB391D57-1BAD-4BCF-BAD7-12665999F9E6}"
EndProject
Project("{FAE04EC0-301F-11D3-BF4B-00C04F79EFBC}") = "Odev6", "Odev6\Odev6.csproj", "{3C0DF0C7-7B9B-4170-9E5B-B6294DC2EDD1}"
EndProject
Global
	GlobalSection(SolutionConfigurationPlatforms) = preSolution
		Debug|Any CPU = Debug|Any CPU
		Release|Any CPU = Release|Any CPU
	EndGlobalSection
	GlobalSection(ProjectConfigurationPlatforms) = postSolution
		{C3F4873D-69D0-45D1-A116-CAABF2ED091F}.Debug|Any CPU.ActiveCfg = Debug|Any CPU
		{C3F4873D-69D0-45D1-A116-CAABF2ED091F}.Debug|Any CPU.Build.0 = Debug|Any CPU
		{C3F4873D-69D0-45D1-A116-CAABF2ED091F}.Release|Any CPU.ActiveCfg = Release|Any CPU
		{C3F4873D-69D0-45D1-A116-CAABF2ED091F}.Release|Any CPU.Build.0 = Release|Any CPU
		{88C27BD8-7641-4DE1-B753-775F388366D3}.Debug|Any CPU.ActiveCfg = Debug|Any CPU
		{88C27BD8-7641-4DE1-B753-775F388366D3}.Debug|Any CPU.Build.0 = Debug|Any CPU
		{88C27BD8-7641-4DE1-B753-775F388366D3}.Release|Any CPU.ActiveCfg = Release|Any CPU
		{88C27BD8-7641-4DE1-B753-775F388366D3}.Release|Any CPU.Build.0 = Release|Any CPU
		{79739C99-2847-4980-AC21-0AD4D3246559}.Debug|Any CPU.ActiveCfg = Debug|Any CPU
		{79739C99-2847-4980-AC21-0AD4D3246559}.Debug|Any CPU.Build.0 = Debug|Any CPU
		{79739C99-2847-4980-AC21-0AD4D3246559}.Release|Any CPU.ActiveCfg = Release|Any CPU
		{79739C99-2847-4980-AC21-0AD4D3246559}.Release|Any CPU.Build.0 = Release|Any CPU
		{E9CC92BE-1896-4EF6-B26A-C5AE5074125B}.Debug|Any CPU.ActiveCfg = Debug|Any CPU
		{E9CC92BE-1896-4EF6-B26A-C5AE5074125B}.Debug|Any CPU.Build.0 = Debug|Any CPU
		{E9CC92BE-1896-4EF6-B26A-C5AE5074125B}.Release|Any CPU.ActiveCfg = Release|Any CPU
		{E9CC92BE-1896-4EF6-B26A-C5AE5074125B}.Release|Any CPU.Build.0 = Release|Any CPU
		{90D20A01-D873-44FA-98E3-8EA55D750BC1}.Debug|Any CPU.ActiveCfg = Debug|Any CPU
		{90D20A01-D873-44FA-98E3-8EA55D750BC1}.Debug|Any CPU.Build.0 = Debug|Any CPU
		{90D20A01-D873-44FA-98E3-8EA55D750BC1}.Release|Any CPU.ActiveCfg = Release|Any CPU
		{90D20A01-D873-44FA-98E3-8EA55D750BC1}.Release|Any CPU.Build.0 = Release|Any CPU
		{1FAC2B7F-DB81-4360-A148-81B6FFFA1859}.Debug|Any CPU.ActiveCfg = Debug|Any CPU
		{1FAC2B7F-DB81-4360-A148-81B6FFFA1859}.Debug|Any CPU.Build.0 = Debug|Any CPU
		{1FAC2B7F-DB81-4360-A148-81B6FFFA1859}.Release|Any CPU.ActiveCfg = Release|Any CPU
		{1FAC2B7F-DB81-4360-A148-81B6FFFA1859}.Release|Any CPU.Build.0 = Release|Any CPU
		{EF99887F-F918-4FE9-ACCB-67FA8B9D3B77}.Debug|Any CPU.ActiveCfg = Debug|Any CPU
		{EF99887F-F918-4FE9-ACCB-67FA8B9D3B77}.Debug|Any CPU.Build.0 = Debug|Any CPU
		{EF99887F-F918-4FE9-ACCB-67FA8B9D3B77}.Release|Any CPU.ActiveCfg = Release|Any CPU
		{EF99887F-F918-4FE9-ACCB-67FA8B9D3B77}.Release|Any CPU.Build.0 = Release|Any CPU
		{B82FFBDF-07F9-482C-80DF-F87A8404E3DC}.Debug|Any CPU.ActiveCfg = Debug|Any CPU
		{B82FFBDF-07F9-482C-80DF-F87A8404E3DC}.Debug|Any CPU.Build.0 = Debug|Any CPU
		{B82FFBDF-07F9-482C-80DF-F87A8404E3DC}.Release|Any CPU.ActiveCfg = Release|Any CPU
		{B82FFBDF-07F9-482C-80DF-F87A8404E3DC}.Release|Any CPU.Build.0 = Release|Any CPU
		{0EC70AB6-F95A-4D67-8F32-7E6B412FAA52}.Debug|Any CPU.ActiveCfg = Debug|Any CPU
		{0EC70AB6-F95A-4D67-8F32-7E6B412FAA52}.Debug|Any CPU.Build.0 = Debug|Any CPU
		{0EC70AB6-F95A-4D67-8F32-7E6B412FAA52}.Release|Any CPU.ActiveCfg = Release|Any CPU
		{0EC70AB6-F95A-4D67-8F32-7E6B412FAA52}.Release|Any CPU.Build.0 = Release|Any CPU
		{59D4BACC-5F33-4C22-A828-A7A4BE0F2CA1}.Debug|Any CPU.ActiveCfg = Debug|Any CPU
		{59D4BACC-5F33-4C22-A828-A7A4BE0F2CA1}.Debug|Any CPU.Build.0 = Debug|Any CPU
		{59D4BACC-5F33-4C22-A828-A7A4BE0F2CA1}.Release|Any CPU.ActiveCfg = Release|Any CPU
		{59D4BACC-5F33-4C22-A828-A7A4BE0F2CA1}.Release|Any CPU.Build.0 = Release|Any CPU
		{1BCD5892-7267-414B-9034-84429DBC2546}.Debug|Any CPU.ActiveCfg = Debug|Any CPU
		{1BCD5892-7267-414B-9034-84429DBC2546}.Debug|Any CPU.Build.0 = Debug|Any CPU
		{1BCD5892-7267-414B-9034-84429DBC2546}.Release|Any CPU.ActiveCfg = Release|Any CPU
		{1BCD5892-7267-414B-9034-84429DBC2546}.Release|Any CPU.Build.0 = Release|Any CPU
		{DF424D51-5288-4F4B-8055-34DED9ECBB3A}.Debug|Any CPU.ActiveCfg = Debug|Any CPU
		{DF424D51-5288-4F4B-8055-34DED9ECBB3A}.Debug|Any CPU.Build.0 = Debug|Any CPU
		{DF424D51-5288-4F4B-8055-34DED9ECBB3A}.Release|Any CPU.ActiveCfg = Release|Any CPU
		{DF424D51-5288-4F4B-8055-34DED9ECBB3A}.Release|Any CPU.Build.0 = Release|Any CPU
		{30619758-D3CC-474E-B425-2BC398D082EE}.Debug|Any CPU.ActiveCfg = Debug|Any CPU
		{30619758-D3CC-474E-B425-2BC398D082EE}.Debug|Any CPU.Build.0 = Debug|Any CPU
		{30619758-D3CC-474E-B425-2BC398D082EE}.Release|Any CPU.ActiveCfg = Release|Any CPU
		{30619758-D3CC-474E-B425-2BC398D082EE}.Release|Any CPU.Build.0 = Release|Any CPU
		{1A3CBAC9-A272-4E83-A848-6CCC3109D1F3}.Debug|Any CPU.ActiveCfg = Debug|Any CPU
		{1A3CBAC9-A272-4E83-A848-6CCC3109D1F3}.Debug|Any CPU.Build.0 = Debug|Any CPU
		{1A3CBAC9-A272-4E83-A848-6CCC3109D1F3}.Release|Any CPU.ActiveCfg = Release|Any CPU
		{1A3CBAC9-A272-4E83-A848-6CCC3109D1F3}.Release|Any CPU.Build.0 = Release|Any CPU
		{4CF7905A-C7E3-47C3-95E6-07946D4D5493}.Debug|Any CPU.ActiveCfg = Debug|Any CPU
		{4CF7905A-C7E3-47C3-95E6-07946D4D5493}.Debug|Any CPU.Build.0 = Debug|Any CPU
		{4CF7905A-C7E3-47C3-95E6-07946D4D5493}.Release|Any CPU.ActiveCfg = Release|Any CPU
		{4CF7905A-C7E3-47C3-95E6-07946D4D5493}.Release|Any CPU.Build.0 = Release|Any CPU
		{BF594290-6CC6-42E1-B293-884DDB65B2F2}.Debug|Any CPU.ActiveCfg = Debug|Any CPU
		{BF594290-6CC6-42E1-B293-884DDB65B2F2}.Debug|Any CPU.Build.0 = Debug|Any CPU
		{BF594290-6CC6-42E1-B293-884DDB65B2F2}.Release|Any CPU.ActiveCfg = Release|Any CPU
		{BF594290-6CC6-42E1-B293-884DDB65B2F2}.Release|Any CPU.Build.0 = Release|Any CPU
		{2E4D66B1-E214-415E-995C-F498B2FEF239}.Debug|Any CPU.ActiveCfg = Debug|Any CPU
		{2E4D66B1-E214-415E-995C-F498B2FEF239}.Debug|Any CPU.Build.0 = Debug|Any CPU
		{2E4D66B1-E214-415E-995C-F498B2FEF239}.Release|Any CPU.ActiveCfg = Release|Any CPU
		{2E4D66B1-E214-415E-995C-F498B2FEF239}.Release|Any CPU.Build.0 = Release|Any CPU
		{82B868BA-FAFD-44E3-9395-66B695CF0C04}.Debug|Any CPU.ActiveCfg = Debug|Any CPU
		{82B868BA-FAFD-44E3-9395-66B695CF0C04}.Debug|Any CPU.Build.0 = Debug|Any CPU
		{82B868BA-FAFD-44E3-9395-66B695CF0C04}.Release|Any CPU.ActiveCfg = Release|Any CPU
		{82B868BA-FAFD-44E3-9395-66B695CF0C04}.Release|Any CPU.Build.0 = Release|Any CPU
		{31A07B26-1FE7-4093-95B0-D850A05C6129}.Debug|Any CPU.ActiveCfg = Debug|Any CPU
		{31A07B26-1FE7-4093-95B0-D850A05C6129}.Debug|Any CPU.Build.0 = Debug|Any CPU
		{31A07B26-1FE7-4093-95B0-D850A05C6129}.Release|Any CPU.ActiveCfg = Release|Any CPU
		{31A07B26-1FE7-4093-95B0-D850A05C6129}.Release|Any CPU.Build.0 = Release|Any CPU
		{C53C586F-B6CF-4C97-B2CB-02E41B0E4EB5}.Debug|Any CPU.ActiveCfg = Debug|Any CPU
		{C53C586F-B6CF-4C97-B2CB-02E41B0E4EB5}.Debug|Any CPU.Build.0 = Debug|Any CPU
		{C53C586F-B6CF-4C97-B2CB-02E41B0E4EB5}.Release|Any CPU.ActiveCfg = Release|Any CPU
		{C53C586F-B6CF-4C97-B2CB-02E41B0E4EB5}.Release|Any CPU.Build.0 = Release|Any CPU
		{A211E893-1038-4B68-8C14-50FD5C218C05}.Debug|Any CPU.ActiveCfg = Debug|Any CPU
		{A211E893-1038-4B68-8C14-50FD5C218C05}.Debug|Any CPU.Build.0 = Debug|Any CPU
		{A211E893-1038-4B68-8C14-50FD5C218C05}.Release|Any CPU.ActiveCfg = Release|Any CPU
		{A211E893-1038-4B68-8C14-50FD5C218C05}.Release|Any CPU.Build.0 = Release|Any CPU
		{F2177437-2042-415D-A6E4-355C7EC8496B}.Debug|Any CPU.ActiveCfg = Debug|Any CPU
		{F2177437-2042-415D-A6E4-355C7EC8496B}.Debug|Any CPU.Build.0 = Debug|Any CPU
		{F2177437-2042-415D-A6E4-355C7EC8496B}.Release|Any CPU.ActiveCfg = Release|Any CPU
		{F2177437-2042-415D-A6E4-355C7EC8496B}.Release|Any CPU.Build.0 = Release|Any CPU
		{0E68A8AB-5AC9-463A-A5B3-3204EE9AAC6B}.Debug|Any CPU.ActiveCfg = Debug|Any CPU
		{0E68A8AB-5AC9-463A-A5B3-3204EE9AAC6B}.Debug|Any CPU.Build.0 = Debug|Any CPU
		{0E68A8AB-5AC9-463A-A5B3-3204EE9AAC6B}.Release|Any CPU.ActiveCfg = Release|Any CPU
		{0E68A8AB-5AC9-463A-A5B3-3204EE9AAC6B}.Release|Any CPU.Build.0 = Release|Any CPU
		{380634C4-EE86-4C27-B471-8C4C23B15D07}.Debug|Any CPU.ActiveCfg = Debug|Any CPU
		{380634C4-EE86-4C27-B471-8C4C23B15D07}.Debug|Any CPU.Build.0 = Debug|Any CPU
		{380634C4-EE86-4C27-B471-8C4C23B15D07}.Release|Any CPU.ActiveCfg = Release|Any CPU
		{380634C4-EE86-4C27-B471-8C4C23B15D07}.Release|Any CPU.Build.0 = Release|Any CPU
		{D817051A-FBE1-48F4-9B8E-879CD0D30D75}.Debug|Any CPU.ActiveCfg = Debug|Any CPU
		{D817051A-FBE1-48F4-9B8E-879CD0D30D75}.Debug|Any CPU.Build.0 = Debug|Any CPU
		{D817051A-FBE1-48F4-9B8E-879CD0D30D75}.Release|Any CPU.ActiveCfg = Release|Any CPU
		{D817051A-FBE1-48F4-9B8E-879CD0D30D75}.Release|Any CPU.Build.0 = Release|Any CPU
		{BA3C0F23-D84D-4CC6-8462-DC0972C39951}.Debug|Any CPU.ActiveCfg = Debug|Any CPU
		{BA3C0F23-D84D-4CC6-8462-DC0972C39951}.Debug|Any CPU.Build.0 = Debug|Any CPU
		{BA3C0F23-D84D-4CC6-8462-DC0972C39951}.Release|Any CPU.ActiveCfg = Release|Any CPU
		{BA3C0F23-D84D-4CC6-8462-DC0972C39951}.Release|Any CPU.Build.0 = Release|Any CPU
		{1B242EEC-4714-478D-8151-BCEF0DC0C8BE}.Debug|Any CPU.ActiveCfg = Debug|Any CPU
		{1B242EEC-4714-478D-8151-BCEF0DC0C8BE}.Debug|Any CPU.Build.0 = Debug|Any CPU
		{1B242EEC-4714-478D-8151-BCEF0DC0C8BE}.Release|Any CPU.ActiveCfg = Release|Any CPU
		{1B242EEC-4714-478D-8151-BCEF0DC0C8BE}.Release|Any CPU.Build.0 = Release|Any CPU
		{F583C3FD-104B-4D9F-85C1-59F781387908}.Debug|Any CPU.ActiveCfg = Debug|Any CPU
		{F583C3FD-104B-4D9F-85C1-59F781387908}.Debug|Any CPU.Build.0 = Debug|Any CPU
		{F583C3FD-104B-4D9F-85C1-59F781387908}.Release|Any CPU.ActiveCfg = Release|Any CPU
		{F583C3FD-104B-4D9F-85C1-59F781387908}.Release|Any CPU.Build.0 = Release|Any CPU
		{E8DDB55E-4470-4743-AAC9-119EF83BBD3A}.Debug|Any CPU.ActiveCfg = Debug|Any CPU
		{E8DDB55E-4470-4743-AAC9-119EF83BBD3A}.Debug|Any CPU.Build.0 = Debug|Any CPU
		{E8DDB55E-4470-4743-AAC9-119EF83BBD3A}.Release|Any CPU.ActiveCfg = Release|Any CPU
		{E8DDB55E-4470-4743-AAC9-119EF83BBD3A}.Release|Any CPU.Build.0 = Release|Any CPU
		{049FB23B-BB78-4F98-BD6F-43046F8029C8}.Debug|Any CPU.ActiveCfg = Debug|Any CPU
		{049FB23B-BB78-4F98-BD6F-43046F8029C8}.Debug|Any CPU.Build.0 = Debug|Any CPU
		{049FB23B-BB78-4F98-BD6F-43046F8029C8}.Release|Any CPU.ActiveCfg = Release|Any CPU
		{049FB23B-BB78-4F98-BD6F-43046F8029C8}.Release|Any CPU.Build.0 = Release|Any CPU
		{3DB14AF1-796A-4D9F-86AC-E637FEAA1187}.Debug|Any CPU.ActiveCfg = Debug|Any CPU
		{3DB14AF1-796A-4D9F-86AC-E637FEAA1187}.Debug|Any CPU.Build.0 = Debug|Any CPU
		{3DB14AF1-796A-4D9F-86AC-E637FEAA1187}.Release|Any CPU.ActiveCfg = Release|Any CPU
		{3DB14AF1-796A-4D9F-86AC-E637FEAA1187}.Release|Any CPU.Build.0 = Release|Any CPU
		{500B9FBA-CC5D-4711-98CC-EB08C2C64F41}.Debug|Any CPU.ActiveCfg = Debug|Any CPU
		{500B9FBA-CC5D-4711-98CC-EB08C2C64F41}.Debug|Any CPU.Build.0 = Debug|Any CPU
		{500B9FBA-CC5D-4711-98CC-EB08C2C64F41}.Release|Any CPU.ActiveCfg = Release|Any CPU
		{500B9FBA-CC5D-4711-98CC-EB08C2C64F41}.Release|Any CPU.Build.0 = Release|Any CPU
		{A5CE8528-7AB8-404C-9D44-7EC456DB67B4}.Debug|Any CPU.ActiveCfg = Debug|Any CPU
		{A5CE8528-7AB8-404C-9D44-7EC456DB67B4}.Debug|Any CPU.Build.0 = Debug|Any CPU
		{A5CE8528-7AB8-404C-9D44-7EC456DB67B4}.Release|Any CPU.ActiveCfg = Release|Any CPU
		{A5CE8528-7AB8-404C-9D44-7EC456DB67B4}.Release|Any CPU.Build.0 = Release|Any CPU
		{ADB9C269-60FE-449F-BEAF-F5B994F1876F}.Debug|Any CPU.ActiveCfg = Debug|Any CPU
		{ADB9C269-60FE-449F-BEAF-F5B994F1876F}.Debug|Any CPU.Build.0 = Debug|Any CPU
		{ADB9C269-60FE-449F-BEAF-F5B994F1876F}.Release|Any CPU.ActiveCfg = Release|Any CPU
		{ADB9C269-60FE-449F-BEAF-F5B994F1876F}.Release|Any CPU.Build.0 = Release|Any CPU
		{1A888391-B804-43BB-A27C-BD7FC3EDD8C0}.Debug|Any CPU.ActiveCfg = Debug|Any CPU
		{1A888391-B804-43BB-A27C-BD7FC3EDD8C0}.Debug|Any CPU.Build.0 = Debug|Any CPU
		{1A888391-B804-43BB-A27C-BD7FC3EDD8C0}.Release|Any CPU.ActiveCfg = Release|Any CPU
		{1A888391-B804-43BB-A27C-BD7FC3EDD8C0}.Release|Any CPU.Build.0 = Release|Any CPU
		{AD3BACC8-AA27-4FA0-BD37-0815A96F8A19}.Debug|Any CPU.ActiveCfg = Debug|Any CPU
		{AD3BACC8-AA27-4FA0-BD37-0815A96F8A19}.Debug|Any CPU.Build.0 = Debug|Any CPU
		{AD3BACC8-AA27-4FA0-BD37-0815A96F8A19}.Release|Any CPU.ActiveCfg = Release|Any CPU
		{AD3BACC8-AA27-4FA0-BD37-0815A96F8A19}.Release|Any CPU.Build.0 = Release|Any CPU
		{AB9555AD-99B5-4109-A9A8-128A36E24245}.Debug|Any CPU.ActiveCfg = Debug|Any CPU
		{AB9555AD-99B5-4109-A9A8-128A36E24245}.Debug|Any CPU.Build.0 = Debug|Any CPU
		{AB9555AD-99B5-4109-A9A8-128A36E24245}.Release|Any CPU.ActiveCfg = Release|Any CPU
		{AB9555AD-99B5-4109-A9A8-128A36E24245}.Release|Any CPU.Build.0 = Release|Any CPU
		{B0E930A1-8F10-4A74-A5D9-1E6DDEF39618}.Debug|Any CPU.ActiveCfg = Debug|Any CPU
		{B0E930A1-8F10-4A74-A5D9-1E6DDEF39618}.Debug|Any CPU.Build.0 = Debug|Any CPU
		{B0E930A1-8F10-4A74-A5D9-1E6DDEF39618}.Release|Any CPU.ActiveCfg = Release|Any CPU
		{B0E930A1-8F10-4A74-A5D9-1E6DDEF39618}.Release|Any CPU.Build.0 = Release|Any CPU
		{E79E5E56-B47E-46E9-A5AE-5AAFBD3F0FF6}.Debug|Any CPU.ActiveCfg = Debug|Any CPU
		{E79E5E56-B47E-46E9-A5AE-5AAFBD3F0FF6}.Debug|Any CPU.Build.0 = Debug|Any CPU
		{E79E5E56-B47E-46E9-A5AE-5AAFBD3F0FF6}.Release|Any CPU.ActiveCfg = Release|Any CPU
		{E79E5E56-B47E-46E9-A5AE-5AAFBD3F0FF6}.Release|Any CPU.Build.0 = Release|Any CPU
		{1E8AB9EC-A596-4608-846A-2DA3B5DEC4C2}.Debug|Any CPU.ActiveCfg = Debug|Any CPU
		{1E8AB9EC-A596-4608-846A-2DA3B5DEC4C2}.Debug|Any CPU.Build.0 = Debug|Any CPU
		{1E8AB9EC-A596-4608-846A-2DA3B5DEC4C2}.Release|Any CPU.ActiveCfg = Release|Any CPU
		{1E8AB9EC-A596-4608-846A-2DA3B5DEC4C2}.Release|Any CPU.Build.0 = Release|Any CPU
		{7F6E638F-3369-4A01-9146-135576CA0592}.Debug|Any CPU.ActiveCfg = Debug|Any CPU
		{7F6E638F-3369-4A01-9146-135576CA0592}.Debug|Any CPU.Build.0 = Debug|Any CPU
		{7F6E638F-3369-4A01-9146-135576CA0592}.Release|Any CPU.ActiveCfg = Release|Any CPU
		{7F6E638F-3369-4A01-9146-135576CA0592}.Release|Any CPU.Build.0 = Release|Any CPU
		{A904B5DD-683C-4C73-BD48-CCA635508F0E}.Debug|Any CPU.ActiveCfg = Debug|Any CPU
		{A904B5DD-683C-4C73-BD48-CCA635508F0E}.Debug|Any CPU.Build.0 = Debug|Any CPU
		{A904B5DD-683C-4C73-BD48-CCA635508F0E}.Release|Any CPU.ActiveCfg = Release|Any CPU
		{A904B5DD-683C-4C73-BD48-CCA635508F0E}.Release|Any CPU.Build.0 = Release|Any CPU
		{EF84E400-E9FE-4ED7-BC9A-300663119FB4}.Debug|Any CPU.ActiveCfg = Debug|Any CPU
		{EF84E400-E9FE-4ED7-BC9A-300663119FB4}.Debug|Any CPU.Build.0 = Debug|Any CPU
		{EF84E400-E9FE-4ED7-BC9A-300663119FB4}.Release|Any CPU.ActiveCfg = Release|Any CPU
		{EF84E400-E9FE-4ED7-BC9A-300663119FB4}.Release|Any CPU.Build.0 = Release|Any CPU
		{596B3AB8-2A7E-4CA8-90D1-E93CEC8B1885}.Debug|Any CPU.ActiveCfg = Debug|Any CPU
		{596B3AB8-2A7E-4CA8-90D1-E93CEC8B1885}.Debug|Any CPU.Build.0 = Debug|Any CPU
		{596B3AB8-2A7E-4CA8-90D1-E93CEC8B1885}.Release|Any CPU.ActiveCfg = Release|Any CPU
		{596B3AB8-2A7E-4CA8-90D1-E93CEC8B1885}.Release|Any CPU.Build.0 = Release|Any CPU
		{54787A0D-8C72-44A7-8FE3-FB3CE6ED415C}.Debug|Any CPU.ActiveCfg = Debug|Any CPU
		{54787A0D-8C72-44A7-8FE3-FB3CE6ED415C}.Debug|Any CPU.Build.0 = Debug|Any CPU
		{54787A0D-8C72-44A7-8FE3-FB3CE6ED415C}.Release|Any CPU.ActiveCfg = Release|Any CPU
		{54787A0D-8C72-44A7-8FE3-FB3CE6ED415C}.Release|Any CPU.Build.0 = Release|Any CPU
		{76AF3931-5C73-44EC-8D98-858ED14E202F}.Debug|Any CPU.ActiveCfg = Debug|Any CPU
		{76AF3931-5C73-44EC-8D98-858ED14E202F}.Debug|Any CPU.Build.0 = Debug|Any CPU
		{76AF3931-5C73-44EC-8D98-858ED14E202F}.Release|Any CPU.ActiveCfg = Release|Any CPU
		{76AF3931-5C73-44EC-8D98-858ED14E202F}.Release|Any CPU.Build.0 = Release|Any CPU
		{45596FD3-4B33-4199-91C6-4CE6BB456D97}.Debug|Any CPU.ActiveCfg = Debug|Any CPU
		{45596FD3-4B33-4199-91C6-4CE6BB456D97}.Debug|Any CPU.Build.0 = Debug|Any CPU
		{45596FD3-4B33-4199-91C6-4CE6BB456D97}.Release|Any CPU.ActiveCfg = Release|Any CPU
		{45596FD3-4B33-4199-91C6-4CE6BB456D97}.Release|Any CPU.Build.0 = Release|Any CPU
		{1C70BD8B-80D2-4D70-A4AF-3E5D35686A69}.Debug|Any CPU.ActiveCfg = Debug|Any CPU
		{1C70BD8B-80D2-4D70-A4AF-3E5D35686A69}.Debug|Any CPU.Build.0 = Debug|Any CPU
		{1C70BD8B-80D2-4D70-A4AF-3E5D35686A69}.Release|Any CPU.ActiveCfg = Release|Any CPU
		{1C70BD8B-80D2-4D70-A4AF-3E5D35686A69}.Release|Any CPU.Build.0 = Release|Any CPU
		{17533D6D-69E2-4BD3-805D-107335307883}.Debug|Any CPU.ActiveCfg = Debug|Any CPU
		{17533D6D-69E2-4BD3-805D-107335307883}.Debug|Any CPU.Build.0 = Debug|Any CPU
		{17533D6D-69E2-4BD3-805D-107335307883}.Release|Any CPU.ActiveCfg = Release|Any CPU
		{17533D6D-69E2-4BD3-805D-107335307883}.Release|Any CPU.Build.0 = Release|Any CPU
		{DB391D57-1BAD-4BCF-BAD7-12665999F9E6}.Debug|Any CPU.ActiveCfg = Debug|Any CPU
		{DB391D57-1BAD-4BCF-BAD7-12665999F9E6}.Debug|Any CPU.Build.0 = Debug|Any CPU
		{DB391D57-1BAD-4BCF-BAD7-12665999F9E6}.Release|Any CPU.ActiveCfg = Release|Any CPU
		{DB391D57-1BAD-4BCF-BAD7-12665999F9E6}.Release|Any CPU.Build.0 = Release|Any CPU
		{3C0DF0C7-7B9B-4170-9E5B-B6294DC2EDD1}.Debug|Any CPU.ActiveCfg = Debug|Any CPU
		{3C0DF0C7-7B9B-4170-9E5B-B6294DC2EDD1}.Debug|Any CPU.Build.0 = Debug|Any CPU
		{3C0DF0C7-7B9B-4170-9E5B-B6294DC2EDD1}.Release|Any CPU.ActiveCfg = Release|Any CPU
		{3C0DF0C7-7B9B-4170-9E5B-B6294DC2EDD1}.Release|Any CPU.Build.0 = Release|Any CPU
	EndGlobalSection
	GlobalSection(SolutionProperties) = preSolution
		HideSolutionNode = FALSE
	EndGlobalSection
	GlobalSection(NestedProjects) = preSolution
		{AD9A3E72-EFD2-4A4B-ACC7-AF55F35B812D} = {0218411A-79BD-4A28-BB8F-BB1232E2D352}
		{C3F4873D-69D0-45D1-A116-CAABF2ED091F} = {AD9A3E72-EFD2-4A4B-ACC7-AF55F35B812D}
		{3723F8A6-43F1-44A5-A134-1116FB00A85D} = {0218411A-79BD-4A28-BB8F-BB1232E2D352}
		{88C27BD8-7641-4DE1-B753-775F388366D3} = {3723F8A6-43F1-44A5-A134-1116FB00A85D}
		{E67F86B2-D00D-42FE-8A71-A67367095481} = {0218411A-79BD-4A28-BB8F-BB1232E2D352}
		{79739C99-2847-4980-AC21-0AD4D3246559} = {E67F86B2-D00D-42FE-8A71-A67367095481}
		{1810671F-C9C7-454B-9D0C-82225351F076} = {0218411A-79BD-4A28-BB8F-BB1232E2D352}
		{E9CC92BE-1896-4EF6-B26A-C5AE5074125B} = {1810671F-C9C7-454B-9D0C-82225351F076}
		{365CF1BF-3455-42BF-A16F-FD4DD60C1AA0} = {0218411A-79BD-4A28-BB8F-BB1232E2D352}
		{90D20A01-D873-44FA-98E3-8EA55D750BC1} = {365CF1BF-3455-42BF-A16F-FD4DD60C1AA0}
		{1C42FEC2-EEEF-4606-A90A-D4C1A1584CA4} = {0218411A-79BD-4A28-BB8F-BB1232E2D352}
		{1FAC2B7F-DB81-4360-A148-81B6FFFA1859} = {1C42FEC2-EEEF-4606-A90A-D4C1A1584CA4}
		{C409125B-6702-4E3F-BE6F-C8DEDB019AEC} = {0218411A-79BD-4A28-BB8F-BB1232E2D352}
		{EF99887F-F918-4FE9-ACCB-67FA8B9D3B77} = {C409125B-6702-4E3F-BE6F-C8DEDB019AEC}
		{A40CFF97-5592-4CC3-8E1C-1908928A39FE} = {0218411A-79BD-4A28-BB8F-BB1232E2D352}
		{B82FFBDF-07F9-482C-80DF-F87A8404E3DC} = {A40CFF97-5592-4CC3-8E1C-1908928A39FE}
		{0EC70AB6-F95A-4D67-8F32-7E6B412FAA52} = {A40CFF97-5592-4CC3-8E1C-1908928A39FE}
		{CBC9EBB4-511F-4C29-97EB-3F752941D934} = {0218411A-79BD-4A28-BB8F-BB1232E2D352}
		{59D4BACC-5F33-4C22-A828-A7A4BE0F2CA1} = {CBC9EBB4-511F-4C29-97EB-3F752941D934}
		{9F502767-155A-49A4-983F-294CD089DECA} = {0218411A-79BD-4A28-BB8F-BB1232E2D352}
		{1BCD5892-7267-414B-9034-84429DBC2546} = {9F502767-155A-49A4-983F-294CD089DECA}
		{9A1D9067-5F53-4118-B1EB-821FAE3C09AC} = {0218411A-79BD-4A28-BB8F-BB1232E2D352}
		{DF424D51-5288-4F4B-8055-34DED9ECBB3A} = {9A1D9067-5F53-4118-B1EB-821FAE3C09AC}
		{1DCBB725-0A68-4DC3-B0F9-7D8460BB297C} = {0218411A-79BD-4A28-BB8F-BB1232E2D352}
		{30619758-D3CC-474E-B425-2BC398D082EE} = {1DCBB725-0A68-4DC3-B0F9-7D8460BB297C}
		{1A3CBAC9-A272-4E83-A848-6CCC3109D1F3} = {1DCBB725-0A68-4DC3-B0F9-7D8460BB297C}
		{38B125B2-699B-476B-877B-546AAA9F39BB} = {6DD7E81F-89FA-4501-9CEF-0D1104D5E4C4}
		{4CF7905A-C7E3-47C3-95E6-07946D4D5493} = {38B125B2-699B-476B-877B-546AAA9F39BB}
		{807AF15F-0693-4435-AF85-7DDC97AACBFD} = {6DD7E81F-89FA-4501-9CEF-0D1104D5E4C4}
		{BF594290-6CC6-42E1-B293-884DDB65B2F2} = {807AF15F-0693-4435-AF85-7DDC97AACBFD}
		{33074992-C94E-403A-A807-97C5CA1C3335} = {6DD7E81F-89FA-4501-9CEF-0D1104D5E4C4}
		{2E4D66B1-E214-415E-995C-F498B2FEF239} = {33074992-C94E-403A-A807-97C5CA1C3335}
		{679FAD53-8CC7-4A70-89BF-900DA9477130} = {6DD7E81F-89FA-4501-9CEF-0D1104D5E4C4}
		{82B868BA-FAFD-44E3-9395-66B695CF0C04} = {679FAD53-8CC7-4A70-89BF-900DA9477130}
		{9632BE8B-CC3F-4A9D-96EB-3CFE41CEAD0B} = {6DD7E81F-89FA-4501-9CEF-0D1104D5E4C4}
		{31A07B26-1FE7-4093-95B0-D850A05C6129} = {9632BE8B-CC3F-4A9D-96EB-3CFE41CEAD0B}
		{DBDD10D0-F734-485D-8C47-92DB3650B42B} = {6DD7E81F-89FA-4501-9CEF-0D1104D5E4C4}
		{C53C586F-B6CF-4C97-B2CB-02E41B0E4EB5} = {DBDD10D0-F734-485D-8C47-92DB3650B42B}
		{A211E893-1038-4B68-8C14-50FD5C218C05} = {DBDD10D0-F734-485D-8C47-92DB3650B42B}
		{F2177437-2042-415D-A6E4-355C7EC8496B} = {B5E62D21-BDC8-4D0D-A7DE-187DDF8881C6}
		{B5E62D21-BDC8-4D0D-A7DE-187DDF8881C6} = {6DD7E81F-89FA-4501-9CEF-0D1104D5E4C4}
		{90D50F3A-33D7-4151-8AC2-29782C99ED9A} = {6DD7E81F-89FA-4501-9CEF-0D1104D5E4C4}
		{0E68A8AB-5AC9-463A-A5B3-3204EE9AAC6B} = {90D50F3A-33D7-4151-8AC2-29782C99ED9A}
		{B4241E54-8873-47EC-80C1-B0BE192ACE58} = {6DD7E81F-89FA-4501-9CEF-0D1104D5E4C4}
		{380634C4-EE86-4C27-B471-8C4C23B15D07} = {B4241E54-8873-47EC-80C1-B0BE192ACE58}
		{D817051A-FBE1-48F4-9B8E-879CD0D30D75} = {DBDD10D0-F734-485D-8C47-92DB3650B42B}
		{BA3C0F23-D84D-4CC6-8462-DC0972C39951} = {DBDD10D0-F734-485D-8C47-92DB3650B42B}
		{21A77E26-46EC-450E-9800-07214979F893} = {6DD7E81F-89FA-4501-9CEF-0D1104D5E4C4}
		{1B242EEC-4714-478D-8151-BCEF0DC0C8BE} = {21A77E26-46EC-450E-9800-07214979F893}
		{BB06289C-8156-4E5C-B9E4-5C8AE6A00F73} = {81F205D4-0A3D-4BB3-8384-38D6E5097949}
		{11FC984C-72C9-4036-B027-F08C4A1DCE3F} = {81F205D4-0A3D-4BB3-8384-38D6E5097949}
		{18BFA4DD-32F1-41A7-BD31-587FD779A426} = {81F205D4-0A3D-4BB3-8384-38D6E5097949}
		{1C2D086F-5231-43DC-8A96-81DDFF4F2002} = {81F205D4-0A3D-4BB3-8384-38D6E5097949}
		{F583C3FD-104B-4D9F-85C1-59F781387908} = {BB06289C-8156-4E5C-B9E4-5C8AE6A00F73}
		{E8DDB55E-4470-4743-AAC9-119EF83BBD3A} = {11FC984C-72C9-4036-B027-F08C4A1DCE3F}
		{049FB23B-BB78-4F98-BD6F-43046F8029C8} = {18BFA4DD-32F1-41A7-BD31-587FD779A426}
		{3DB14AF1-796A-4D9F-86AC-E637FEAA1187} = {1C2D086F-5231-43DC-8A96-81DDFF4F2002}
		{A8F6FB2F-9019-433C-90B6-1EC0D4E4C82F} = {81F205D4-0A3D-4BB3-8384-38D6E5097949}
		{500B9FBA-CC5D-4711-98CC-EB08C2C64F41} = {A8F6FB2F-9019-433C-90B6-1EC0D4E4C82F}
		{784542EC-04DF-457E-A9CE-B5F7C1462826} = {81F205D4-0A3D-4BB3-8384-38D6E5097949}
		{A5CE8528-7AB8-404C-9D44-7EC456DB67B4} = {784542EC-04DF-457E-A9CE-B5F7C1462826}
		{ADB9C269-60FE-449F-BEAF-F5B994F1876F} = {A8F6FB2F-9019-433C-90B6-1EC0D4E4C82F}
		{1A888391-B804-43BB-A27C-BD7FC3EDD8C0} = {784542EC-04DF-457E-A9CE-B5F7C1462826}
		{AD3BACC8-AA27-4FA0-BD37-0815A96F8A19} = {784542EC-04DF-457E-A9CE-B5F7C1462826}
		{AB9555AD-99B5-4109-A9A8-128A36E24245} = {54ED658F-3C51-4B71-A91B-97B9C60CB27C}
		{54ED658F-3C51-4B71-A91B-97B9C60CB27C} = {F2E529EA-46F5-4004-ABCE-3DCEA68CA902}
		{9C4A66B6-7424-4F09-873C-998AC8CB8CEE} = {F2E529EA-46F5-4004-ABCE-3DCEA68CA902}
		{B0E930A1-8F10-4A74-A5D9-1E6DDEF39618} = {9C4A66B6-7424-4F09-873C-998AC8CB8CEE}
		{E79E5E56-B47E-46E9-A5AE-5AAFBD3F0FF6} = {54ED658F-3C51-4B71-A91B-97B9C60CB27C}
		{1E8AB9EC-A596-4608-846A-2DA3B5DEC4C2} = {54ED658F-3C51-4B71-A91B-97B9C60CB27C}
		{D91E1CC6-3194-4EA3-8D03-4D7AA099EE60} = {F2E529EA-46F5-4004-ABCE-3DCEA68CA902}
		{7F6E638F-3369-4A01-9146-135576CA0592} = {D91E1CC6-3194-4EA3-8D03-4D7AA099EE60}
		{D39C39E4-3E0F-4316-A4A2-766F97AE4C44} = {F2E529EA-46F5-4004-ABCE-3DCEA68CA902}
		{A904B5DD-683C-4C73-BD48-CCA635508F0E} = {D39C39E4-3E0F-4316-A4A2-766F97AE4C44}
		{AE351603-BCFF-460F-833E-C7184BF961A0} = {F2E529EA-46F5-4004-ABCE-3DCEA68CA902}
		{EF84E400-E9FE-4ED7-BC9A-300663119FB4} = {AE351603-BCFF-460F-833E-C7184BF961A0}
		{DC578F99-45D4-4858-935F-ABA22C09E209} = {F2E529EA-46F5-4004-ABCE-3DCEA68CA902}
		{596B3AB8-2A7E-4CA8-90D1-E93CEC8B1885} = {DC578F99-45D4-4858-935F-ABA22C09E209}
		{54787A0D-8C72-44A7-8FE3-FB3CE6ED415C} = {9C4A66B6-7424-4F09-873C-998AC8CB8CEE}
		{76AF3931-5C73-44EC-8D98-858ED14E202F} = {9C4A66B6-7424-4F09-873C-998AC8CB8CEE}
		{45596FD3-4B33-4199-91C6-4CE6BB456D97} = {DC578F99-45D4-4858-935F-ABA22C09E209}
		{1C70BD8B-80D2-4D70-A4AF-3E5D35686A69} = {9C4A66B6-7424-4F09-873C-998AC8CB8CEE}
		{73EC2FD8-6EE8-4C0A-BF21-EA65C8B27568} = {F2E529EA-46F5-4004-ABCE-3DCEA68CA902}
		{17533D6D-69E2-4BD3-805D-107335307883} = {73EC2FD8-6EE8-4C0A-BF21-EA65C8B27568}
		{DB391D57-1BAD-4BCF-BAD7-12665999F9E6} = {9C4A66B6-7424-4F09-873C-998AC8CB8CEE}
		{3C0DF0C7-7B9B-4170-9E5B-B6294DC2EDD1} = {9C4A66B6-7424-4F09-873C-998AC8CB8CEE}
	EndGlobalSection
	GlobalSection(ExtensibilityGlobals) = postSolution
		SolutionGuid = {E444480A-E709-4659-987F-B136A9868B48}
	EndGlobalSection
EndGlobal
