
Microsoft Visual Studio Solution File, Format Version 12.00
# Visual Studio Version 17
VisualStudioVersion = 17.5.33414.496
MinimumVisualStudioVersion = 10.0.40219.1
Project("{2150E333-8FDC-42A3-9474-1A3956D46DE8}") = "Metinsel_Degiskenler", "Metinsel_Degiskenler", "{AD9A3E72-EFD2-4A4B-ACC7-AF55F35B812D}"
EndProject
Project("{9A19103F-16F7-4668-BE54-9A1E7A4F7556}") = "metinsel-degiskenler", "metinsel-degiskenler\metinsel-degiskenler.csproj", "{C3F4873D-69D0-45D1-A116-CAABF2ED091F}"
EndProject
Project("{2150E333-8FDC-42A3-9474-1A3956D46DE8}") = "Sayisal_Degiskenler", "Sayisal_Degiskenler", "{3723F8A6-43F1-44A5-A134-1116FB00A85D}"
EndProject
Project("{9A19103F-16F7-4668-BE54-9A1E7A4F7556}") = "sayisal_degiskenler", "sayisal_degiskenler\sayisal_degiskenler.csproj", "{88C27BD8-7641-4DE1-B753-775F388366D3}"
EndProject
Project("{2150E333-8FDC-42A3-9474-1A3956D46DE8}") = "Ondalıklı_Degiskenler", "Ondalıklı_Degiskenler", "{E67F86B2-D00D-42FE-8A71-A67367095481}"
EndProject
Project("{9A19103F-16F7-4668-BE54-9A1E7A4F7556}") = "ondalikli_degiskenler", "ondalikli_degiskenler\ondalikli_degiskenler.csproj", "{79739C99-2847-4980-AC21-0AD4D3246559}"
EndProject
Project("{2150E333-8FDC-42A3-9474-1A3956D46DE8}") = "MAtiksal_Degisken", "MAtiksal_Degisken", "{1810671F-C9C7-454B-9D0C-82225351F076}"
EndProject
Project("{9A19103F-16F7-4668-BE54-9A1E7A4F7556}") = "mantiksal_degisken", "mantiksal_degisken\mantiksal_degisken.csproj", "{E9CC92BE-1896-4EF6-B26A-C5AE5074125B}"
EndProject
Project("{2150E333-8FDC-42A3-9474-1A3956D46DE8}") = "Zamansal_Degisken", "Zamansal_Degisken", "{365CF1BF-3455-42BF-A16F-FD4DD60C1AA0}"
EndProject
Project("{9A19103F-16F7-4668-BE54-9A1E7A4F7556}") = "zamansal_degisken", "zamansal_degisken\zamansal_degisken.csproj", "{90D20A01-D873-44FA-98E3-8EA55D750BC1}"
EndProject
Project("{2150E333-8FDC-42A3-9474-1A3956D46DE8}") = "Degiskenlerin_Davranislari", "Degiskenlerin_Davranislari", "{1C42FEC2-EEEF-4606-A90A-D4C1A1584CA4}"
EndProject
Project("{9A19103F-16F7-4668-BE54-9A1E7A4F7556}") = "degiskenlerin_davranislari", "degiskenlerin_davranislari\degiskenlerin_davranislari.csproj", "{1FAC2B7F-DB81-4360-A148-81B6FFFA1859}"
EndProject
Project("{2150E333-8FDC-42A3-9474-1A3956D46DE8}") = "Alistima", "Alistima", "{C409125B-6702-4E3F-BE6F-C8DEDB019AEC}"
EndProject
Project("{9A19103F-16F7-4668-BE54-9A1E7A4F7556}") = "Alistirma", "Alistirma_1\Alistirma.csproj", "{EF99887F-F918-4FE9-ACCB-67FA8B9D3B77}"
EndProject
Project("{2150E333-8FDC-42A3-9474-1A3956D46DE8}") = "Tur_Donusumu", "Tur_Donusumu", "{A40CFF97-5592-4CC3-8E1C-1908928A39FE}"
EndProject
Project("{9A19103F-16F7-4668-BE54-9A1E7A4F7556}") = "Bilincli", "Bilincli\Bilincli.csproj", "{B82FFBDF-07F9-482C-80DF-F87A8404E3DC}"
EndProject
Project("{9A19103F-16F7-4668-BE54-9A1E7A4F7556}") = "Bilincsiz", "Bilincsiz\Bilincsiz.csproj", "{0EC70AB6-F95A-4D67-8F32-7E6B412FAA52}"
EndProject
Project("{2150E333-8FDC-42A3-9474-1A3956D46DE8}") = "Object-Tipi", "Object-Tipi", "{CBC9EBB4-511F-4C29-97EB-3F752941D934}"
EndProject
Project("{9A19103F-16F7-4668-BE54-9A1E7A4F7556}") = "Object&Boxing", "Object\Object&Boxing.csproj", "{59D4BACC-5F33-4C22-A828-A7A4BE0F2CA1}"
EndProject
Project("{2150E333-8FDC-42A3-9474-1A3956D46DE8}") = "ConvertveParse", "ConvertveParse", "{9F502767-155A-49A4-983F-294CD089DECA}"
EndProject
Project("{9A19103F-16F7-4668-BE54-9A1E7A4F7556}") = "Convert&Parse", "Convert&Parse\Convert&Parse.csproj", "{1BCD5892-7267-414B-9034-84429DBC2546}"
EndProject
Project("{2150E333-8FDC-42A3-9474-1A3956D46DE8}") = "Var_inceleme", "Var_inceleme", "{9A1D9067-5F53-4118-B1EB-821FAE3C09AC}"
EndProject
Project("{9A19103F-16F7-4668-BE54-9A1E7A4F7556}") = "var", "var\var.csproj", "{DF424D51-5288-4F4B-8055-34DED9ECBB3A}"
EndProject
Project("{2150E333-8FDC-42A3-9474-1A3956D46DE8}") = "Degiskenler_ve_TurDonusumleri", "Degiskenler_ve_TurDonusumleri", "{0218411A-79BD-4A28-BB8F-BB1232E2D352}"
EndProject
Project("{2150E333-8FDC-42A3-9474-1A3956D46DE8}") = "BolumSonu_Alistirma", "BolumSonu_Alistirma", "{1DCBB725-0A68-4DC3-B0F9-7D8460BB297C}"
EndProject
Project("{9A19103F-16F7-4668-BE54-9A1E7A4F7556}") = "Alistirma1", "Alistirma1\Alistirma1.csproj", "{30619758-D3CC-474E-B425-2BC398D082EE}"
EndProject
Project("{9A19103F-16F7-4668-BE54-9A1E7A4F7556}") = "Alistirma2", "Alistirma2\Alistirma2.csproj", "{1A3CBAC9-A272-4E83-A848-6CCC3109D1F3}"
EndProject
Project("{2150E333-8FDC-42A3-9474-1A3956D46DE8}") = "Operator_Kullanimi", "Operator_Kullanimi", "{6DD7E81F-89FA-4501-9CEF-0D1104D5E4C4}"
EndProject
Project("{2150E333-8FDC-42A3-9474-1A3956D46DE8}") = "AritmatikselOperatorler-Toplama", "AritmatikselOperatorler-Toplama", "{38B125B2-699B-476B-877B-546AAA9F39BB}"
EndProject
Project("{9A19103F-16F7-4668-BE54-9A1E7A4F7556}") = "AritmatikselOperatorler-Toplama", "AritmatikselOperatorler\AritmatikselOperatorler-Toplama.csproj", "{4CF7905A-C7E3-47C3-95E6-07946D4D5493}"
EndProject
Project("{2150E333-8FDC-42A3-9474-1A3956D46DE8}") = "AritmatikselOperatorler-Cikartma", "AritmatikselOperatorler-Cikartma", "{807AF15F-0693-4435-AF85-7DDC97AACBFD}"
EndProject
Project("{9A19103F-16F7-4668-BE54-9A1E7A4F7556}") = "AritmatikselOperatorler-Cikarma", "AritmatikselOperatorler-Cikarma\AritmatikselOperatorler-Cikarma.csproj", "{BF594290-6CC6-42E1-B293-884DDB65B2F2}"
EndProject
Project("{2150E333-8FDC-42A3-9474-1A3956D46DE8}") = "AritmatikselOperatorler-Carpma", "AritmatikselOperatorler-Carpma", "{33074992-C94E-403A-A807-97C5CA1C3335}"
EndProject
Project("{9A19103F-16F7-4668-BE54-9A1E7A4F7556}") = "AritmatikselOperatorler-Carpma", "AritmatikselOperatorler-Carpma\AritmatikselOperatorler-Carpma.csproj", "{2E4D66B1-E214-415E-995C-F498B2FEF239}"
EndProject
Project("{2150E333-8FDC-42A3-9474-1A3956D46DE8}") = "AritmatikselOperatorler-Bolme", "AritmatikselOperatorler-Bolme", "{679FAD53-8CC7-4A70-89BF-900DA9477130}"
EndProject
Project("{9A19103F-16F7-4668-BE54-9A1E7A4F7556}") = "AritmatikselOperatorler-Bolme", "AritmatikselOperatorler-Bolme\AritmatikselOperatorler-Bolme.csproj", "{82B868BA-FAFD-44E3-9395-66B695CF0C04}"
EndProject
Project("{2150E333-8FDC-42A3-9474-1A3956D46DE8}") = "Ozel_Operatorler", "Ozel_Operatorler", "{9632BE8B-CC3F-4A9D-96EB-3CFE41CEAD0B}"
EndProject
Project("{9A19103F-16F7-4668-BE54-9A1E7A4F7556}") = "OzelOperatorler", "OzelOperatorler\OzelOperatorler.csproj", "{31A07B26-1FE7-4093-95B0-D850A05C6129}"
EndProject
Project("{2150E333-8FDC-42A3-9474-1A3956D46DE8}") = "Alistirmalar", "Alistirmalar", "{DBDD10D0-F734-485D-8C47-92DB3650B42B}"
EndProject
Project("{9A19103F-16F7-4668-BE54-9A1E7A4F7556}") = "Alistirma", "Alistirma\Alistirma.csproj", "{C53C586F-B6CF-4C97-B2CB-02E41B0E4EB5}"
EndProject
Project("{9A19103F-16F7-4668-BE54-9A1E7A4F7556}") = "Alistirma2", "Alistirma2\Alistirma\Alistirma2.csproj", "{A211E893-1038-4B68-8C14-50FD5C218C05}"
EndProject
Project("{9A19103F-16F7-4668-BE54-9A1E7A4F7556}") = "KarsilastirmaOperatorleri", "AritmatikselOperatorler-Buyuktur\KarsilastirmaOperatorleri.csproj", "{F2177437-2042-415D-A6E4-355C7EC8496B}"
EndProject
Project("{2150E333-8FDC-42A3-9474-1A3956D46DE8}") = "KarsilastirmaOperatorleri", "KarsilastirmaOperatorleri", "{B5E62D21-BDC8-4D0D-A7DE-187DDF8881C6}"
EndProject
Project("{2150E333-8FDC-42A3-9474-1A3956D46DE8}") = "IS_Operatoru", "IS_Operatoru", "{90D50F3A-33D7-4151-8AC2-29782C99ED9A}"
EndProject
Project("{9A19103F-16F7-4668-BE54-9A1E7A4F7556}") = "IS_Operatoru", "IS_Operatoru\IS_Operatoru.csproj", "{0E68A8AB-5AC9-463A-A5B3-3204EE9AAC6B}"
EndProject
Project("{2150E333-8FDC-42A3-9474-1A3956D46DE8}") = "AS_Operatoru", "AS_Operatoru", "{B4241E54-8873-47EC-80C1-B0BE192ACE58}"
EndProject
Project("{9A19103F-16F7-4668-BE54-9A1E7A4F7556}") = "AS_Operatoru", "AS_Operatoru\AS_Operatoru.csproj", "{380634C4-EE86-4C27-B471-8C4C23B15D07}"
EndProject
Project("{9A19103F-16F7-4668-BE54-9A1E7A4F7556}") = "Alistirma3", "Alistirma2\Alistirma3\Alistirma3.csproj", "{D817051A-FBE1-48F4-9B8E-879CD0D30D75}"
EndProject
Project("{9A19103F-16F7-4668-BE54-9A1E7A4F7556}") = "Alistirma4", "Alistirma2\Alistirma4\Alistirma4.csproj", "{BA3C0F23-D84D-4CC6-8462-DC0972C39951}"
EndProject
Project("{2150E333-8FDC-42A3-9474-1A3956D46DE8}") = "MantiksalOperatorler", "MantiksalOperatorler", "{21A77E26-46EC-450E-9800-07214979F893}"
EndProject
Project("{9A19103F-16F7-4668-BE54-9A1E7A4F7556}") = "MantiksalOperatorler", "MantiksalOperatorler\MantiksalOperatorler.csproj", "{1B242EEC-4714-478D-8151-BCEF0DC0C8BE}"
EndProject
Project("{2150E333-8FDC-42A3-9474-1A3956D46DE8}") = "Kosul-Ifadeleri", "Kosul-Ifadeleri", "{81F205D4-0A3D-4BB3-8384-38D6E5097949}"
EndProject
Project("{2150E333-8FDC-42A3-9474-1A3956D46DE8}") = "IF", "IF", "{BB06289C-8156-4E5C-B9E4-5C8AE6A00F73}"
EndProject
Project("{2150E333-8FDC-42A3-9474-1A3956D46DE8}") = "IF-Else", "IF-Else", "{11FC984C-72C9-4036-B027-F08C4A1DCE3F}"
EndProject
Project("{2150E333-8FDC-42A3-9474-1A3956D46DE8}") = "IF-Else-If", "IF-Else-If", "{18BFA4DD-32F1-41A7-BD31-587FD779A426}"
EndProject
Project("{2150E333-8FDC-42A3-9474-1A3956D46DE8}") = "Switch", "Switch", "{1C2D086F-5231-43DC-8A96-81DDFF4F2002}"
EndProject
Project("{9A19103F-16F7-4668-BE54-9A1E7A4F7556}") = "IF", "IF\IF.csproj", "{F583C3FD-104B-4D9F-85C1-59F781387908}"
EndProject
Project("{9A19103F-16F7-4668-BE54-9A1E7A4F7556}") = "IF-ELSE", "IF-ELSE\IF-ELSE.csproj", "{E8DDB55E-4470-4743-AAC9-119EF83BBD3A}"
EndProject
Project("{9A19103F-16F7-4668-BE54-9A1E7A4F7556}") = "IF-ELSE-IF", "IF-ELSE-IF\IF-ELSE-IF.csproj", "{049FB23B-BB78-4F98-BD6F-43046F8029C8}"
EndProject
Project("{9A19103F-16F7-4668-BE54-9A1E7A4F7556}") = "Switchcase", "Switch\Switchcase.csproj", "{3DB14AF1-796A-4D9F-86AC-E637FEAA1187}"
EndProject
Project("{2150E333-8FDC-42A3-9474-1A3956D46DE8}") = "Alistirmalar", "Alistirmalar", "{A8F6FB2F-9019-433C-90B6-1EC0D4E4C82F}"
EndProject
Project("{9A19103F-16F7-4668-BE54-9A1E7A4F7556}") = "Alistirmalar", "Alistirmalar\Alistirmalar.csproj", "{500B9FBA-CC5D-4711-98CC-EB08C2C64F41}"
EndProject
Project("{2150E333-8FDC-42A3-9474-1A3956D46DE8}") = "Odev", "Odev", "{784542EC-04DF-457E-A9CE-B5F7C1462826}"
EndProject
Project("{9A19103F-16F7-4668-BE54-9A1E7A4F7556}") = "Odev", "Odev\Odev.csproj", "{A5CE8528-7AB8-404C-9D44-7EC456DB67B4}"
EndProject
Project("{9A19103F-16F7-4668-BE54-9A1E7A4F7556}") = "Alistirma2", "Alistirmalar\Alistirma2\Alistirma2.csproj", "{ADB9C269-60FE-449F-BEAF-F5B994F1876F}"
EndProject
Project("{9A19103F-16F7-4668-BE54-9A1E7A4F7556}") = "Odev2", "Odev2\Odev2.csproj", "{1A888391-B804-43BB-A27C-BD7FC3EDD8C0}"
EndProject
Project("{9A19103F-16F7-4668-BE54-9A1E7A4F7556}") = "Odev3", "Odev3\Odev3.csproj", "{AD3BACC8-AA27-4FA0-BD37-0815A96F8A19}"
EndProject
Project("{2150E333-8FDC-42A3-9474-1A3956D46DE8}") = "Donguler", "Donguler", "{F2E529EA-46F5-4004-ABCE-3DCEA68CA902}"
EndProject
Project("{9A19103F-16F7-4668-BE54-9A1E7A4F7556}") = "For-Dongu", "For-Dongu\For-Dongu.csproj", "{AB9555AD-99B5-4109-A9A8-128A36E24245}"
EndProject
Project("{2150E333-8FDC-42A3-9474-1A3956D46DE8}") = "ForDongusu", "ForDongusu", "{54ED658F-3C51-4B71-A91B-97B9C60CB27C}"
EndProject
Project("{2150E333-8FDC-42A3-9474-1A3956D46DE8}") = "Odev", "Odev", "{9C4A66B6-7424-4F09-873C-998AC8CB8CEE}"
EndProject
Project("{9A19103F-16F7-4668-BE54-9A1E7A4F7556}") = "Odev1", "Odev1\Odev1.csproj", "{B0E930A1-8F10-4A74-A5D9-1E6DDEF39618}"
EndProject
Project("{9A19103F-16F7-4668-BE54-9A1E7A4F7556}") = "Break", "Break-Continue\Break.csproj", "{E79E5E56-B47E-46E9-A5AE-5AAFBD3F0FF6}"
EndProject
Project("{9A19103F-16F7-4668-BE54-9A1E7A4F7556}") = "Continue", "Continue\Continue.csproj", "{1E8AB9EC-A596-4608-846A-2DA3B5DEC4C2}"
EndProject
Project("{2150E333-8FDC-42A3-9474-1A3956D46DE8}") = "Ic-iceFor", "Ic-iceFor", "{D91E1CC6-3194-4EA3-8D03-4D7AA099EE60}"
EndProject
Project("{9A19103F-16F7-4668-BE54-9A1E7A4F7556}") = "Ic-ice-for", "Ic-ice-for\Ic-ice-for.csproj", "{7F6E638F-3369-4A01-9146-135576CA0592}"
EndProject
Project("{2150E333-8FDC-42A3-9474-1A3956D46DE8}") = "Foreach", "Foreach", "{D39C39E4-3E0F-4316-A4A2-766F97AE4C44}"
EndProject
Project("{9A19103F-16F7-4668-BE54-9A1E7A4F7556}") = "Foreach_Dongusu", "Foreach_Dongusu\Foreach_Dongusu.csproj", "{A904B5DD-683C-4C73-BD48-CCA635508F0E}"
EndProject
Project("{2150E333-8FDC-42A3-9474-1A3956D46DE8}") = "While_Dongusu", "While_Dongusu", "{AE351603-BCFF-460F-833E-C7184BF961A0}"
EndProject
Project("{9A19103F-16F7-4668-BE54-9A1E7A4F7556}") = "while_dongusu", "while_dongusu\while_dongusu.csproj", "{EF84E400-E9FE-4ED7-BC9A-300663119FB4}"
EndProject
Project("{2150E333-8FDC-42A3-9474-1A3956D46DE8}") = "Alistirmalar", "Alistirmalar", "{DC578F99-45D4-4858-935F-ABA22C09E209}"
EndProject
Project("{9A19103F-16F7-4668-BE54-9A1E7A4F7556}") = "Alistirma1", "Alistirmalar\alistirma1\Alistirma1.csproj", "{596B3AB8-2A7E-4CA8-90D1-E93CEC8B1885}"
EndProject
Project("{9A19103F-16F7-4668-BE54-9A1E7A4F7556}") = "Odev3", "Odev\Odev3\Odev3.csproj", "{54787A0D-8C72-44A7-8FE3-FB3CE6ED415C}"
EndProject
Project("{9A19103F-16F7-4668-BE54-9A1E7A4F7556}") = "Odev2", "Odev\Odev2\Odev2.csproj", "{76AF3931-5C73-44EC-8D98-858ED14E202F}"
EndProject
Project("{9A19103F-16F7-4668-BE54-9A1E7A4F7556}") = "Alistirma2", "Alistirma\Alistirma2\Alistirma2.csproj", "{45596FD3-4B33-4199-91C6-4CE6BB456D97}"
EndProject
Project("{9A19103F-16F7-4668-BE54-9A1E7A4F7556}") = "Odev4", "Odev\Odev4\Odev4.csproj", "{1C70BD8B-80D2-4D70-A4AF-3E5D35686A69}"
EndProject
Project("{2150E333-8FDC-42A3-9474-1A3956D46DE8}") = "Do-While_Dongusu", "Do-While_Dongusu", "{73EC2FD8-6EE8-4C0A-BF21-EA65C8B27568}"
EndProject
Project("{9A19103F-16F7-4668-BE54-9A1E7A4F7556}") = "Do-While", "Do-While\Do-While.csproj", "{17533D6D-69E2-4BD3-805D-107335307883}"
EndProject
Project("{9A19103F-16F7-4668-BE54-9A1E7A4F7556}") = "Odev5", "Odev5\Odev5.csproj", "{DB391D57-1BAD-4BCF-BAD7-12665999F9E6}"
EndProject
Project("{9A19103F-16F7-4668-BE54-9A1E7A4F7556}") = "Odev6", "Odev6\Odev6.csproj", "{3C0DF0C7-7B9B-4170-9E5B-B6294DC2EDD1}"
EndProject
Project("{2150E333-8FDC-42A3-9474-1A3956D46DE8}") = "Diziler", "Diziler", "{91BD41D2-55AA-4080-BF8C-85EF7AC451F1}"
EndProject
Project("{9A19103F-16F7-4668-BE54-9A1E7A4F7556}") = "Dizi1", "Dizi1\Dizi1.csproj", "{5BAFC6D5-8C64-4DFE-8D64-20D90A2D6ACD}"
EndProject
Project("{2150E333-8FDC-42A3-9474-1A3956D46DE8}") = "Dizi", "Dizi", "{151B3DDF-CA04-4DF1-945F-58DA392ADE43}"
EndProject
Project("{9A19103F-16F7-4668-BE54-9A1E7A4F7556}") = "Foreach_2", "Foreach_2\Foreach_2.csproj", "{56651356-C7DD-40CE-B3EF-634F4A1D3656}"
EndProject
Project("{9A19103F-16F7-4668-BE54-9A1E7A4F7556}") = "Foreach3", "Foreach3\Foreach3.csproj", "{14160A4D-87D0-4850-B5CA-24D4BAB36FEE}"
EndProject
Project("{2150E333-8FDC-42A3-9474-1A3956D46DE8}") = "Koleksiyonlar", "Koleksiyonlar", "{70A227FD-30C8-4B28-9A3E-6E27E19F2D04}"
EndProject
Project("{9A19103F-16F7-4668-BE54-9A1E7A4F7556}") = "ArrayList_koleksiyon", "ArrayList\ArrayList_koleksiyon.csproj", "{A8ED8A13-A1D1-4512-98A5-FFB0C3EBFC82}"
EndProject
Project("{9A19103F-16F7-4668-BE54-9A1E7A4F7556}") = "ArrayList_koleksiyon2", "ArrayList_koleksiyon2\ArrayList_koleksiyon2.csproj", "{4A25273B-B2E5-44D4-93A9-C53E4D8BF7E7}"
EndProject
Project("{2150E333-8FDC-42A3-9474-1A3956D46DE8}") = "Odev", "Odev", "{2DD14544-D534-4191-9D10-47E6CADF2880}"
EndProject
Project("{9A19103F-16F7-4668-BE54-9A1E7A4F7556}") = "Odev_array_1", "ODEV_koleksiyon_1\Odev_array_1.csproj", "{2F531558-0C8A-462B-A7AE-A849DC204800}"
EndProject
Project("{2150E333-8FDC-42A3-9474-1A3956D46DE8}") = "ArrayList", "ArrayList", "{3C7699D6-919D-447C-A6A6-F3253885FF5B}"
EndProject
Project("{9A19103F-16F7-4668-BE54-9A1E7A4F7556}") = "Odev_array_2", "Odev_array_2\Odev_array_2.csproj", "{61E33EDE-B5D6-4EB2-8F75-835EE0B7C825}"
EndProject
Project("{2150E333-8FDC-42A3-9474-1A3956D46DE8}") = "HashTable", "HashTable", "{F839D3C1-92C4-486F-805A-640EF0D62154}"
EndProject
Project("{9A19103F-16F7-4668-BE54-9A1E7A4F7556}") = "HashTable1", "HashTable1\HashTable1.csproj", "{3BC33820-ABC5-4B80-B1A2-4F7AF3E794DB}"
EndProject
Project("{9A19103F-16F7-4668-BE54-9A1E7A4F7556}") = "Odev_HashTable", "Odev_HashTable\Odev_HashTable.csproj", "{5C34AB6C-6B5D-46DA-9C3E-E6850203D558}"
EndProject
Project("{2150E333-8FDC-42A3-9474-1A3956D46DE8}") = "SortedList", "SortedList", "{4833A679-2956-49A4-9557-26ACB96A0303}"
EndProject
Project("{9A19103F-16F7-4668-BE54-9A1E7A4F7556}") = "SortedList1", "SortedList1\SortedList1.csproj", "{F51DA026-82A8-4920-8FB4-29D757E4D234}"
EndProject
Project("{2150E333-8FDC-42A3-9474-1A3956D46DE8}") = "Stack", "Stack", "{D908F55F-7B4E-42EF-B094-93FF4BA377A1}"
EndProject
Project("{9A19103F-16F7-4668-BE54-9A1E7A4F7556}") = "Stack1", "Stack1\Stack1.csproj", "{8352547E-5786-48DA-BEC4-C7F8A5E754E8}"
EndProject
Project("{2150E333-8FDC-42A3-9474-1A3956D46DE8}") = "Queue", "Queue", "{89C90F87-159A-47AB-BD86-3453B42AAB33}"
EndProject
Project("{9A19103F-16F7-4668-BE54-9A1E7A4F7556}") = "Queue1", "Queue1\Queue1.csproj", "{1D2E57D9-3085-42BE-B086-D5A2DC554F98}"
EndProject
Project("{2150E333-8FDC-42A3-9474-1A3956D46DE8}") = "Metot", "Metot", "{C8CBDB51-4DDC-4AD5-872F-5625B1AD9B20}"
EndProject
Project("{2150E333-8FDC-42A3-9474-1A3956D46DE8}") = "MainMetotu", "MainMetotu", "{8EE54928-AED8-4890-A472-589DF25F7271}"
EndProject
Project("{9A19103F-16F7-4668-BE54-9A1E7A4F7556}") = "MainMetotu", "MainMetotu\MainMetotu.csproj", "{39E1B873-E978-4DB5-A4A2-5350778AEF5E}"
EndProject
Project("{9A19103F-16F7-4668-BE54-9A1E7A4F7556}") = "Csharp_nesneYonelimliProgramlama_KisaGiris", "Csharp_nesneYonelimliProgramlama_KisaGiris\Csharp_nesneYonelimliProgramlama_KisaGiris.csproj", "{03F4E968-9FBF-4ED8-AFAF-C7C87B46B359}"
EndProject
Project("{2150E333-8FDC-42A3-9474-1A3956D46DE8}") = "Csharp_nesneYonelimliProgramlama_KisaGiris", "Csharp_nesneYonelimliProgramlama_KisaGiris", "{90B87E13-92B7-41B0-8EB3-872B41F3A87D}"
EndProject
Project("{2150E333-8FDC-42A3-9474-1A3956D46DE8}") = "Alistirma", "Alistirma", "{169CBCCE-C98E-4BC0-AF8B-A42D4C5C201C}"
EndProject
Project("{9A19103F-16F7-4668-BE54-9A1E7A4F7556}") = "Metot_Matematiksel_islemler", "Metot_Matematiksel_islemler\Metot_Matematiksel_islemler.csproj", "{A3528741-7ECF-4A0C-97FE-8441778E035B}"
EndProject
Project("{2150E333-8FDC-42A3-9474-1A3956D46DE8}") = "Odevler", "Odevler", "{9B564420-CD6F-4125-874D-2C143193C713}"
EndProject
Project("{9A19103F-16F7-4668-BE54-9A1E7A4F7556}") = "MetotOdev1", "MetotOdev1\MetotOdev1.csproj", "{ECFBE444-6813-41B5-9DF7-36585D5D0DF5}"
EndProject
Project("{2150E333-8FDC-42A3-9474-1A3956D46DE8}") = "Erisim_Belirleyicileri", "Erisim_Belirleyicileri", "{DAB7914C-AE2E-462E-9CE3-FF4FF6333C94}"
EndProject
Project("{9A19103F-16F7-4668-BE54-9A1E7A4F7556}") = "Public_Private_ErisimBelirleyicisi", "Public_ErisimBelirleyicisi\Public_Private_ErisimBelirleyicisi.csproj", "{9BBE7AA0-0C3C-438C-894A-E8844F468D25}"
EndProject
Project("{2150E333-8FDC-42A3-9474-1A3956D46DE8}") = "Parametrelerde_ref_ve_out_kullanimi", "Parametrelerde_ref_ve_out_kullanimi", "{B32E00A6-CDFE-43F7-B5C7-65C8D415E0A0}"
EndProject
Project("{9A19103F-16F7-4668-BE54-9A1E7A4F7556}") = "ref_ve_out", "ref_ve_out\ref_ve_out.csproj", "{1729B4E3-2B6E-442C-ABC0-5833141659E1}"
EndProject
Project("{2150E333-8FDC-42A3-9474-1A3956D46DE8}") = "Params", "Params", "{A8AB26D2-A84E-49AA-B86E-8EEF7456542B}"
EndProject
Project("{9A19103F-16F7-4668-BE54-9A1E7A4F7556}") = "Params_Kullanimi", "Params_Kullanimi\Params_Kullanimi.csproj", "{82227C74-360B-48A8-BFE6-B310E8711FD6}"
EndProject
Project("{2150E333-8FDC-42A3-9474-1A3956D46DE8}") = "Local_Function", "Local_Function", "{F89B0BA4-B770-4AA5-9119-2D75F9422B9E}"
EndProject
Project("{9A19103F-16F7-4668-BE54-9A1E7A4F7556}") = "Local_Function", "Local_Function\Local_Function.csproj", "{ECBE0322-7B98-4CC0-A872-409E5FB8E4B1}"
EndProject
Project("{2150E333-8FDC-42A3-9474-1A3956D46DE8}") = "OOP-Siniflar", "OOP-Siniflar", "{C6413E9A-0F69-4998-855C-23D50C2E4257}"
EndProject
Project("{9A19103F-16F7-4668-BE54-9A1E7A4F7556}") = "siniflar", "siniflar\siniflar.csproj", "{CD1596D5-75F7-41F5-B087-6CF700B197E8}"
EndProject
Project("{9A19103F-16F7-4668-BE54-9A1E7A4F7556}") = "Constructor_Yapici_metot", "Constructor_Yapici_metot\Constructor_Yapici_metot.csproj", "{0167A985-F660-4BDE-A813-4CF319E4C512}"
EndProject
Project("{2150E333-8FDC-42A3-9474-1A3956D46DE8}") = "Odev", "Odev", "{B10AD0DE-FB8C-403D-8555-AB640612A02C}"
EndProject
Project("{9A19103F-16F7-4668-BE54-9A1E7A4F7556}") = "OOP_Siniflar_Odev", "OOP_Siniflar_Odev\OOP_Siniflar_Odev.csproj", "{FD1C517C-C8D1-48B5-A821-09D00AEBC0C4}"
EndProject
Project("{2150E333-8FDC-42A3-9474-1A3956D46DE8}") = "OOP-Kapsulleme", "OOP-Kapsulleme", "{ACCCDED1-90AD-444B-98A7-4DE1589FB997}"
EndProject
Project("{9A19103F-16F7-4668-BE54-9A1E7A4F7556}") = "Verileri_Kapsulleme-1", "Verileri_Kapsulleme-1\Verileri_Kapsulleme-1.csproj", "{AF5D0F66-8C2B-48F6-9E69-7BA4A3B0FFC2}"
EndProject
Project("{9A19103F-16F7-4668-BE54-9A1E7A4F7556}") = "Verileri_Kapsulleme-2", "Verileri_Kapsulleme-2\Verileri_Kapsulleme-2.csproj", "{467E1F7C-A4EF-42D8-A826-F83F3C535F93}"
EndProject
Project("{9A19103F-16F7-4668-BE54-9A1E7A4F7556}") = "Kapsulleme_Alistirma-1", "Kapsulleme_Alistirma-1\Kapsulleme_Alistirma-1.csproj", "{B6F767C5-78CC-410F-B1C9-F0B8CDD771F2}"
EndProject
Project("{9A19103F-16F7-4668-BE54-9A1E7A4F7556}") = "Verileri_Kapsulleme-4", "Verileri_Kapsulleme-4\Verileri_Kapsulleme-4.csproj", "{252C6C88-86D0-43A2-BA35-8A02E2B8D4DD}"
EndProject
Project("{9A19103F-16F7-4668-BE54-9A1E7A4F7556}") = "Verileri_Kapsulleme-3", "Verileri_Kapsulleme-3\Verileri_Kapsulleme-3.csproj", "{CB43B30E-5989-40BB-93F1-8C3CF8FB9765}"
EndProject
Project("{2150E333-8FDC-42A3-9474-1A3956D46DE8}") = "OOP-Static", "OOP-Static", "{A74DD7BA-B00D-445F-A7E0-6AFA96AE4204}"
EndProject
Project("{9A19103F-16F7-4668-BE54-9A1E7A4F7556}") = "Static_Nedir", "Static_Nedir\Static_Nedir.csproj", "{A08177C1-2E09-4E13-9BE7-DB9A202A6A60}"
EndProject
Project("{9A19103F-16F7-4668-BE54-9A1E7A4F7556}") = "Static_Field_Kullanim", "Static_Field_Kullanim\Static_Field_Kullanim.csproj", "{B145F670-B95E-4E4C-99B1-31A15A297601}"
EndProject
Project("{9A19103F-16F7-4668-BE54-9A1E7A4F7556}") = "Static&Standart_Metot_davranis_farki", "Static&Standart_davranis_farki\Static&Standart_Metot_davranis_farki.csproj", "{B208C3CE-502C-4810-A073-5D484ABF25C8}"
EndProject
Project("{2150E333-8FDC-42A3-9474-1A3956D46DE8}") = "Odev", "Odev", "{AE57D8C4-71F9-4A65-8EE7-B12D946186E5}"
EndProject
Project("{9A19103F-16F7-4668-BE54-9A1E7A4F7556}") = "Static_Odev", "Static_Odev\Static_Odev.csproj", "{35A97168-E6F9-4642-B38B-B7A4D43CEC99}"
EndProject
Project("{2150E333-8FDC-42A3-9474-1A3956D46DE8}") = "OOP-InnerType", "OOP-InnerType", "{CBAB22AA-386D-4EB0-A094-B58D063441CE}"
EndProject
Project("{9A19103F-16F7-4668-BE54-9A1E7A4F7556}") = "InnerType_Modelleme", "InnerType_Modelleme-1\InnerType_Modelleme.csproj", "{0F84E074-1545-4701-9A7D-71405BE02CA1}"
EndProject
Project("{2150E333-8FDC-42A3-9474-1A3956D46DE8}") = "OOP-Kalitim", "OOP-Kalitim", "{9BA33B83-8386-42A1-A2A8-B3612DD4DF82}"
EndProject
Project("{FAE04EC0-301F-11D3-BF4B-00C04F79EFBC}") = "Kalitim_NesneModelleme", "Kalitim_NesneModelleme\Kalitim_NesneModelleme.csproj", "{1672AEA7-D7F1-4269-8447-10129F3D2F8D}"
EndProject
Global
	GlobalSection(SolutionConfigurationPlatforms) = preSolution
		Debug|Any CPU = Debug|Any CPU
		Release|Any CPU = Release|Any CPU
	EndGlobalSection
	GlobalSection(ProjectConfigurationPlatforms) = postSolution
		{C3F4873D-69D0-45D1-A116-CAABF2ED091F}.Debug|Any CPU.ActiveCfg = Debug|Any CPU
		{C3F4873D-69D0-45D1-A116-CAABF2ED091F}.Debug|Any CPU.Build.0 = Debug|Any CPU
		{C3F4873D-69D0-45D1-A116-CAABF2ED091F}.Release|Any CPU.ActiveCfg = Release|Any CPU
		{C3F4873D-69D0-45D1-A116-CAABF2ED091F}.Release|Any CPU.Build.0 = Release|Any CPU
		{88C27BD8-7641-4DE1-B753-775F388366D3}.Debug|Any CPU.ActiveCfg = Debug|Any CPU
		{88C27BD8-7641-4DE1-B753-775F388366D3}.Debug|Any CPU.Build.0 = Debug|Any CPU
		{88C27BD8-7641-4DE1-B753-775F388366D3}.Release|Any CPU.ActiveCfg = Release|Any CPU
		{88C27BD8-7641-4DE1-B753-775F388366D3}.Release|Any CPU.Build.0 = Release|Any CPU
		{79739C99-2847-4980-AC21-0AD4D3246559}.Debug|Any CPU.ActiveCfg = Debug|Any CPU
		{79739C99-2847-4980-AC21-0AD4D3246559}.Debug|Any CPU.Build.0 = Debug|Any CPU
		{79739C99-2847-4980-AC21-0AD4D3246559}.Release|Any CPU.ActiveCfg = Release|Any CPU
		{79739C99-2847-4980-AC21-0AD4D3246559}.Release|Any CPU.Build.0 = Release|Any CPU
		{E9CC92BE-1896-4EF6-B26A-C5AE5074125B}.Debug|Any CPU.ActiveCfg = Debug|Any CPU
		{E9CC92BE-1896-4EF6-B26A-C5AE5074125B}.Debug|Any CPU.Build.0 = Debug|Any CPU
		{E9CC92BE-1896-4EF6-B26A-C5AE5074125B}.Release|Any CPU.ActiveCfg = Release|Any CPU
		{E9CC92BE-1896-4EF6-B26A-C5AE5074125B}.Release|Any CPU.Build.0 = Release|Any CPU
		{90D20A01-D873-44FA-98E3-8EA55D750BC1}.Debug|Any CPU.ActiveCfg = Debug|Any CPU
		{90D20A01-D873-44FA-98E3-8EA55D750BC1}.Debug|Any CPU.Build.0 = Debug|Any CPU
		{90D20A01-D873-44FA-98E3-8EA55D750BC1}.Release|Any CPU.ActiveCfg = Release|Any CPU
		{90D20A01-D873-44FA-98E3-8EA55D750BC1}.Release|Any CPU.Build.0 = Release|Any CPU
		{1FAC2B7F-DB81-4360-A148-81B6FFFA1859}.Debug|Any CPU.ActiveCfg = Debug|Any CPU
		{1FAC2B7F-DB81-4360-A148-81B6FFFA1859}.Debug|Any CPU.Build.0 = Debug|Any CPU
		{1FAC2B7F-DB81-4360-A148-81B6FFFA1859}.Release|Any CPU.ActiveCfg = Release|Any CPU
		{1FAC2B7F-DB81-4360-A148-81B6FFFA1859}.Release|Any CPU.Build.0 = Release|Any CPU
		{EF99887F-F918-4FE9-ACCB-67FA8B9D3B77}.Debug|Any CPU.ActiveCfg = Debug|Any CPU
		{EF99887F-F918-4FE9-ACCB-67FA8B9D3B77}.Debug|Any CPU.Build.0 = Debug|Any CPU
		{EF99887F-F918-4FE9-ACCB-67FA8B9D3B77}.Release|Any CPU.ActiveCfg = Release|Any CPU
		{EF99887F-F918-4FE9-ACCB-67FA8B9D3B77}.Release|Any CPU.Build.0 = Release|Any CPU
		{B82FFBDF-07F9-482C-80DF-F87A8404E3DC}.Debug|Any CPU.ActiveCfg = Debug|Any CPU
		{B82FFBDF-07F9-482C-80DF-F87A8404E3DC}.Debug|Any CPU.Build.0 = Debug|Any CPU
		{B82FFBDF-07F9-482C-80DF-F87A8404E3DC}.Release|Any CPU.ActiveCfg = Release|Any CPU
		{B82FFBDF-07F9-482C-80DF-F87A8404E3DC}.Release|Any CPU.Build.0 = Release|Any CPU
		{0EC70AB6-F95A-4D67-8F32-7E6B412FAA52}.Debug|Any CPU.ActiveCfg = Debug|Any CPU
		{0EC70AB6-F95A-4D67-8F32-7E6B412FAA52}.Debug|Any CPU.Build.0 = Debug|Any CPU
		{0EC70AB6-F95A-4D67-8F32-7E6B412FAA52}.Release|Any CPU.ActiveCfg = Release|Any CPU
		{0EC70AB6-F95A-4D67-8F32-7E6B412FAA52}.Release|Any CPU.Build.0 = Release|Any CPU
		{59D4BACC-5F33-4C22-A828-A7A4BE0F2CA1}.Debug|Any CPU.ActiveCfg = Debug|Any CPU
		{59D4BACC-5F33-4C22-A828-A7A4BE0F2CA1}.Debug|Any CPU.Build.0 = Debug|Any CPU
		{59D4BACC-5F33-4C22-A828-A7A4BE0F2CA1}.Release|Any CPU.ActiveCfg = Release|Any CPU
		{59D4BACC-5F33-4C22-A828-A7A4BE0F2CA1}.Release|Any CPU.Build.0 = Release|Any CPU
		{1BCD5892-7267-414B-9034-84429DBC2546}.Debug|Any CPU.ActiveCfg = Debug|Any CPU
		{1BCD5892-7267-414B-9034-84429DBC2546}.Debug|Any CPU.Build.0 = Debug|Any CPU
		{1BCD5892-7267-414B-9034-84429DBC2546}.Release|Any CPU.ActiveCfg = Release|Any CPU
		{1BCD5892-7267-414B-9034-84429DBC2546}.Release|Any CPU.Build.0 = Release|Any CPU
		{DF424D51-5288-4F4B-8055-34DED9ECBB3A}.Debug|Any CPU.ActiveCfg = Debug|Any CPU
		{DF424D51-5288-4F4B-8055-34DED9ECBB3A}.Debug|Any CPU.Build.0 = Debug|Any CPU
		{DF424D51-5288-4F4B-8055-34DED9ECBB3A}.Release|Any CPU.ActiveCfg = Release|Any CPU
		{DF424D51-5288-4F4B-8055-34DED9ECBB3A}.Release|Any CPU.Build.0 = Release|Any CPU
		{30619758-D3CC-474E-B425-2BC398D082EE}.Debug|Any CPU.ActiveCfg = Debug|Any CPU
		{30619758-D3CC-474E-B425-2BC398D082EE}.Debug|Any CPU.Build.0 = Debug|Any CPU
		{30619758-D3CC-474E-B425-2BC398D082EE}.Release|Any CPU.ActiveCfg = Release|Any CPU
		{30619758-D3CC-474E-B425-2BC398D082EE}.Release|Any CPU.Build.0 = Release|Any CPU
		{1A3CBAC9-A272-4E83-A848-6CCC3109D1F3}.Debug|Any CPU.ActiveCfg = Debug|Any CPU
		{1A3CBAC9-A272-4E83-A848-6CCC3109D1F3}.Debug|Any CPU.Build.0 = Debug|Any CPU
		{1A3CBAC9-A272-4E83-A848-6CCC3109D1F3}.Release|Any CPU.ActiveCfg = Release|Any CPU
		{1A3CBAC9-A272-4E83-A848-6CCC3109D1F3}.Release|Any CPU.Build.0 = Release|Any CPU
		{4CF7905A-C7E3-47C3-95E6-07946D4D5493}.Debug|Any CPU.ActiveCfg = Debug|Any CPU
		{4CF7905A-C7E3-47C3-95E6-07946D4D5493}.Debug|Any CPU.Build.0 = Debug|Any CPU
		{4CF7905A-C7E3-47C3-95E6-07946D4D5493}.Release|Any CPU.ActiveCfg = Release|Any CPU
		{4CF7905A-C7E3-47C3-95E6-07946D4D5493}.Release|Any CPU.Build.0 = Release|Any CPU
		{BF594290-6CC6-42E1-B293-884DDB65B2F2}.Debug|Any CPU.ActiveCfg = Debug|Any CPU
		{BF594290-6CC6-42E1-B293-884DDB65B2F2}.Debug|Any CPU.Build.0 = Debug|Any CPU
		{BF594290-6CC6-42E1-B293-884DDB65B2F2}.Release|Any CPU.ActiveCfg = Release|Any CPU
		{BF594290-6CC6-42E1-B293-884DDB65B2F2}.Release|Any CPU.Build.0 = Release|Any CPU
		{2E4D66B1-E214-415E-995C-F498B2FEF239}.Debug|Any CPU.ActiveCfg = Debug|Any CPU
		{2E4D66B1-E214-415E-995C-F498B2FEF239}.Debug|Any CPU.Build.0 = Debug|Any CPU
		{2E4D66B1-E214-415E-995C-F498B2FEF239}.Release|Any CPU.ActiveCfg = Release|Any CPU
		{2E4D66B1-E214-415E-995C-F498B2FEF239}.Release|Any CPU.Build.0 = Release|Any CPU
		{82B868BA-FAFD-44E3-9395-66B695CF0C04}.Debug|Any CPU.ActiveCfg = Debug|Any CPU
		{82B868BA-FAFD-44E3-9395-66B695CF0C04}.Debug|Any CPU.Build.0 = Debug|Any CPU
		{82B868BA-FAFD-44E3-9395-66B695CF0C04}.Release|Any CPU.ActiveCfg = Release|Any CPU
		{82B868BA-FAFD-44E3-9395-66B695CF0C04}.Release|Any CPU.Build.0 = Release|Any CPU
		{31A07B26-1FE7-4093-95B0-D850A05C6129}.Debug|Any CPU.ActiveCfg = Debug|Any CPU
		{31A07B26-1FE7-4093-95B0-D850A05C6129}.Debug|Any CPU.Build.0 = Debug|Any CPU
		{31A07B26-1FE7-4093-95B0-D850A05C6129}.Release|Any CPU.ActiveCfg = Release|Any CPU
		{31A07B26-1FE7-4093-95B0-D850A05C6129}.Release|Any CPU.Build.0 = Release|Any CPU
		{C53C586F-B6CF-4C97-B2CB-02E41B0E4EB5}.Debug|Any CPU.ActiveCfg = Debug|Any CPU
		{C53C586F-B6CF-4C97-B2CB-02E41B0E4EB5}.Debug|Any CPU.Build.0 = Debug|Any CPU
		{C53C586F-B6CF-4C97-B2CB-02E41B0E4EB5}.Release|Any CPU.ActiveCfg = Release|Any CPU
		{C53C586F-B6CF-4C97-B2CB-02E41B0E4EB5}.Release|Any CPU.Build.0 = Release|Any CPU
		{A211E893-1038-4B68-8C14-50FD5C218C05}.Debug|Any CPU.ActiveCfg = Debug|Any CPU
		{A211E893-1038-4B68-8C14-50FD5C218C05}.Debug|Any CPU.Build.0 = Debug|Any CPU
		{A211E893-1038-4B68-8C14-50FD5C218C05}.Release|Any CPU.ActiveCfg = Release|Any CPU
		{A211E893-1038-4B68-8C14-50FD5C218C05}.Release|Any CPU.Build.0 = Release|Any CPU
		{F2177437-2042-415D-A6E4-355C7EC8496B}.Debug|Any CPU.ActiveCfg = Debug|Any CPU
		{F2177437-2042-415D-A6E4-355C7EC8496B}.Debug|Any CPU.Build.0 = Debug|Any CPU
		{F2177437-2042-415D-A6E4-355C7EC8496B}.Release|Any CPU.ActiveCfg = Release|Any CPU
		{F2177437-2042-415D-A6E4-355C7EC8496B}.Release|Any CPU.Build.0 = Release|Any CPU
		{0E68A8AB-5AC9-463A-A5B3-3204EE9AAC6B}.Debug|Any CPU.ActiveCfg = Debug|Any CPU
		{0E68A8AB-5AC9-463A-A5B3-3204EE9AAC6B}.Debug|Any CPU.Build.0 = Debug|Any CPU
		{0E68A8AB-5AC9-463A-A5B3-3204EE9AAC6B}.Release|Any CPU.ActiveCfg = Release|Any CPU
		{0E68A8AB-5AC9-463A-A5B3-3204EE9AAC6B}.Release|Any CPU.Build.0 = Release|Any CPU
		{380634C4-EE86-4C27-B471-8C4C23B15D07}.Debug|Any CPU.ActiveCfg = Debug|Any CPU
		{380634C4-EE86-4C27-B471-8C4C23B15D07}.Debug|Any CPU.Build.0 = Debug|Any CPU
		{380634C4-EE86-4C27-B471-8C4C23B15D07}.Release|Any CPU.ActiveCfg = Release|Any CPU
		{380634C4-EE86-4C27-B471-8C4C23B15D07}.Release|Any CPU.Build.0 = Release|Any CPU
		{D817051A-FBE1-48F4-9B8E-879CD0D30D75}.Debug|Any CPU.ActiveCfg = Debug|Any CPU
		{D817051A-FBE1-48F4-9B8E-879CD0D30D75}.Debug|Any CPU.Build.0 = Debug|Any CPU
		{D817051A-FBE1-48F4-9B8E-879CD0D30D75}.Release|Any CPU.ActiveCfg = Release|Any CPU
		{D817051A-FBE1-48F4-9B8E-879CD0D30D75}.Release|Any CPU.Build.0 = Release|Any CPU
		{BA3C0F23-D84D-4CC6-8462-DC0972C39951}.Debug|Any CPU.ActiveCfg = Debug|Any CPU
		{BA3C0F23-D84D-4CC6-8462-DC0972C39951}.Debug|Any CPU.Build.0 = Debug|Any CPU
		{BA3C0F23-D84D-4CC6-8462-DC0972C39951}.Release|Any CPU.ActiveCfg = Release|Any CPU
		{BA3C0F23-D84D-4CC6-8462-DC0972C39951}.Release|Any CPU.Build.0 = Release|Any CPU
		{1B242EEC-4714-478D-8151-BCEF0DC0C8BE}.Debug|Any CPU.ActiveCfg = Debug|Any CPU
		{1B242EEC-4714-478D-8151-BCEF0DC0C8BE}.Debug|Any CPU.Build.0 = Debug|Any CPU
		{1B242EEC-4714-478D-8151-BCEF0DC0C8BE}.Release|Any CPU.ActiveCfg = Release|Any CPU
		{1B242EEC-4714-478D-8151-BCEF0DC0C8BE}.Release|Any CPU.Build.0 = Release|Any CPU
		{F583C3FD-104B-4D9F-85C1-59F781387908}.Debug|Any CPU.ActiveCfg = Debug|Any CPU
		{F583C3FD-104B-4D9F-85C1-59F781387908}.Debug|Any CPU.Build.0 = Debug|Any CPU
		{F583C3FD-104B-4D9F-85C1-59F781387908}.Release|Any CPU.ActiveCfg = Release|Any CPU
		{F583C3FD-104B-4D9F-85C1-59F781387908}.Release|Any CPU.Build.0 = Release|Any CPU
		{E8DDB55E-4470-4743-AAC9-119EF83BBD3A}.Debug|Any CPU.ActiveCfg = Debug|Any CPU
		{E8DDB55E-4470-4743-AAC9-119EF83BBD3A}.Debug|Any CPU.Build.0 = Debug|Any CPU
		{E8DDB55E-4470-4743-AAC9-119EF83BBD3A}.Release|Any CPU.ActiveCfg = Release|Any CPU
		{E8DDB55E-4470-4743-AAC9-119EF83BBD3A}.Release|Any CPU.Build.0 = Release|Any CPU
		{049FB23B-BB78-4F98-BD6F-43046F8029C8}.Debug|Any CPU.ActiveCfg = Debug|Any CPU
		{049FB23B-BB78-4F98-BD6F-43046F8029C8}.Debug|Any CPU.Build.0 = Debug|Any CPU
		{049FB23B-BB78-4F98-BD6F-43046F8029C8}.Release|Any CPU.ActiveCfg = Release|Any CPU
		{049FB23B-BB78-4F98-BD6F-43046F8029C8}.Release|Any CPU.Build.0 = Release|Any CPU
		{3DB14AF1-796A-4D9F-86AC-E637FEAA1187}.Debug|Any CPU.ActiveCfg = Debug|Any CPU
		{3DB14AF1-796A-4D9F-86AC-E637FEAA1187}.Debug|Any CPU.Build.0 = Debug|Any CPU
		{3DB14AF1-796A-4D9F-86AC-E637FEAA1187}.Release|Any CPU.ActiveCfg = Release|Any CPU
		{3DB14AF1-796A-4D9F-86AC-E637FEAA1187}.Release|Any CPU.Build.0 = Release|Any CPU
		{500B9FBA-CC5D-4711-98CC-EB08C2C64F41}.Debug|Any CPU.ActiveCfg = Debug|Any CPU
		{500B9FBA-CC5D-4711-98CC-EB08C2C64F41}.Debug|Any CPU.Build.0 = Debug|Any CPU
		{500B9FBA-CC5D-4711-98CC-EB08C2C64F41}.Release|Any CPU.ActiveCfg = Release|Any CPU
		{500B9FBA-CC5D-4711-98CC-EB08C2C64F41}.Release|Any CPU.Build.0 = Release|Any CPU
		{A5CE8528-7AB8-404C-9D44-7EC456DB67B4}.Debug|Any CPU.ActiveCfg = Debug|Any CPU
		{A5CE8528-7AB8-404C-9D44-7EC456DB67B4}.Debug|Any CPU.Build.0 = Debug|Any CPU
		{A5CE8528-7AB8-404C-9D44-7EC456DB67B4}.Release|Any CPU.ActiveCfg = Release|Any CPU
		{A5CE8528-7AB8-404C-9D44-7EC456DB67B4}.Release|Any CPU.Build.0 = Release|Any CPU
		{ADB9C269-60FE-449F-BEAF-F5B994F1876F}.Debug|Any CPU.ActiveCfg = Debug|Any CPU
		{ADB9C269-60FE-449F-BEAF-F5B994F1876F}.Debug|Any CPU.Build.0 = Debug|Any CPU
		{ADB9C269-60FE-449F-BEAF-F5B994F1876F}.Release|Any CPU.ActiveCfg = Release|Any CPU
		{ADB9C269-60FE-449F-BEAF-F5B994F1876F}.Release|Any CPU.Build.0 = Release|Any CPU
		{1A888391-B804-43BB-A27C-BD7FC3EDD8C0}.Debug|Any CPU.ActiveCfg = Debug|Any CPU
		{1A888391-B804-43BB-A27C-BD7FC3EDD8C0}.Debug|Any CPU.Build.0 = Debug|Any CPU
		{1A888391-B804-43BB-A27C-BD7FC3EDD8C0}.Release|Any CPU.ActiveCfg = Release|Any CPU
		{1A888391-B804-43BB-A27C-BD7FC3EDD8C0}.Release|Any CPU.Build.0 = Release|Any CPU
		{AD3BACC8-AA27-4FA0-BD37-0815A96F8A19}.Debug|Any CPU.ActiveCfg = Debug|Any CPU
		{AD3BACC8-AA27-4FA0-BD37-0815A96F8A19}.Debug|Any CPU.Build.0 = Debug|Any CPU
		{AD3BACC8-AA27-4FA0-BD37-0815A96F8A19}.Release|Any CPU.ActiveCfg = Release|Any CPU
		{AD3BACC8-AA27-4FA0-BD37-0815A96F8A19}.Release|Any CPU.Build.0 = Release|Any CPU
		{AB9555AD-99B5-4109-A9A8-128A36E24245}.Debug|Any CPU.ActiveCfg = Debug|Any CPU
		{AB9555AD-99B5-4109-A9A8-128A36E24245}.Debug|Any CPU.Build.0 = Debug|Any CPU
		{AB9555AD-99B5-4109-A9A8-128A36E24245}.Release|Any CPU.ActiveCfg = Release|Any CPU
		{AB9555AD-99B5-4109-A9A8-128A36E24245}.Release|Any CPU.Build.0 = Release|Any CPU
		{B0E930A1-8F10-4A74-A5D9-1E6DDEF39618}.Debug|Any CPU.ActiveCfg = Debug|Any CPU
		{B0E930A1-8F10-4A74-A5D9-1E6DDEF39618}.Debug|Any CPU.Build.0 = Debug|Any CPU
		{B0E930A1-8F10-4A74-A5D9-1E6DDEF39618}.Release|Any CPU.ActiveCfg = Release|Any CPU
		{B0E930A1-8F10-4A74-A5D9-1E6DDEF39618}.Release|Any CPU.Build.0 = Release|Any CPU
		{E79E5E56-B47E-46E9-A5AE-5AAFBD3F0FF6}.Debug|Any CPU.ActiveCfg = Debug|Any CPU
		{E79E5E56-B47E-46E9-A5AE-5AAFBD3F0FF6}.Debug|Any CPU.Build.0 = Debug|Any CPU
		{E79E5E56-B47E-46E9-A5AE-5AAFBD3F0FF6}.Release|Any CPU.ActiveCfg = Release|Any CPU
		{E79E5E56-B47E-46E9-A5AE-5AAFBD3F0FF6}.Release|Any CPU.Build.0 = Release|Any CPU
		{1E8AB9EC-A596-4608-846A-2DA3B5DEC4C2}.Debug|Any CPU.ActiveCfg = Debug|Any CPU
		{1E8AB9EC-A596-4608-846A-2DA3B5DEC4C2}.Debug|Any CPU.Build.0 = Debug|Any CPU
		{1E8AB9EC-A596-4608-846A-2DA3B5DEC4C2}.Release|Any CPU.ActiveCfg = Release|Any CPU
		{1E8AB9EC-A596-4608-846A-2DA3B5DEC4C2}.Release|Any CPU.Build.0 = Release|Any CPU
		{7F6E638F-3369-4A01-9146-135576CA0592}.Debug|Any CPU.ActiveCfg = Debug|Any CPU
		{7F6E638F-3369-4A01-9146-135576CA0592}.Debug|Any CPU.Build.0 = Debug|Any CPU
		{7F6E638F-3369-4A01-9146-135576CA0592}.Release|Any CPU.ActiveCfg = Release|Any CPU
		{7F6E638F-3369-4A01-9146-135576CA0592}.Release|Any CPU.Build.0 = Release|Any CPU
		{A904B5DD-683C-4C73-BD48-CCA635508F0E}.Debug|Any CPU.ActiveCfg = Debug|Any CPU
		{A904B5DD-683C-4C73-BD48-CCA635508F0E}.Debug|Any CPU.Build.0 = Debug|Any CPU
		{A904B5DD-683C-4C73-BD48-CCA635508F0E}.Release|Any CPU.ActiveCfg = Release|Any CPU
		{A904B5DD-683C-4C73-BD48-CCA635508F0E}.Release|Any CPU.Build.0 = Release|Any CPU
		{EF84E400-E9FE-4ED7-BC9A-300663119FB4}.Debug|Any CPU.ActiveCfg = Debug|Any CPU
		{EF84E400-E9FE-4ED7-BC9A-300663119FB4}.Debug|Any CPU.Build.0 = Debug|Any CPU
		{EF84E400-E9FE-4ED7-BC9A-300663119FB4}.Release|Any CPU.ActiveCfg = Release|Any CPU
		{EF84E400-E9FE-4ED7-BC9A-300663119FB4}.Release|Any CPU.Build.0 = Release|Any CPU
		{596B3AB8-2A7E-4CA8-90D1-E93CEC8B1885}.Debug|Any CPU.ActiveCfg = Debug|Any CPU
		{596B3AB8-2A7E-4CA8-90D1-E93CEC8B1885}.Debug|Any CPU.Build.0 = Debug|Any CPU
		{596B3AB8-2A7E-4CA8-90D1-E93CEC8B1885}.Release|Any CPU.ActiveCfg = Release|Any CPU
		{596B3AB8-2A7E-4CA8-90D1-E93CEC8B1885}.Release|Any CPU.Build.0 = Release|Any CPU
		{54787A0D-8C72-44A7-8FE3-FB3CE6ED415C}.Debug|Any CPU.ActiveCfg = Debug|Any CPU
		{54787A0D-8C72-44A7-8FE3-FB3CE6ED415C}.Debug|Any CPU.Build.0 = Debug|Any CPU
		{54787A0D-8C72-44A7-8FE3-FB3CE6ED415C}.Release|Any CPU.ActiveCfg = Release|Any CPU
		{54787A0D-8C72-44A7-8FE3-FB3CE6ED415C}.Release|Any CPU.Build.0 = Release|Any CPU
		{76AF3931-5C73-44EC-8D98-858ED14E202F}.Debug|Any CPU.ActiveCfg = Debug|Any CPU
		{76AF3931-5C73-44EC-8D98-858ED14E202F}.Debug|Any CPU.Build.0 = Debug|Any CPU
		{76AF3931-5C73-44EC-8D98-858ED14E202F}.Release|Any CPU.ActiveCfg = Release|Any CPU
		{76AF3931-5C73-44EC-8D98-858ED14E202F}.Release|Any CPU.Build.0 = Release|Any CPU
		{45596FD3-4B33-4199-91C6-4CE6BB456D97}.Debug|Any CPU.ActiveCfg = Debug|Any CPU
		{45596FD3-4B33-4199-91C6-4CE6BB456D97}.Debug|Any CPU.Build.0 = Debug|Any CPU
		{45596FD3-4B33-4199-91C6-4CE6BB456D97}.Release|Any CPU.ActiveCfg = Release|Any CPU
		{45596FD3-4B33-4199-91C6-4CE6BB456D97}.Release|Any CPU.Build.0 = Release|Any CPU
		{1C70BD8B-80D2-4D70-A4AF-3E5D35686A69}.Debug|Any CPU.ActiveCfg = Debug|Any CPU
		{1C70BD8B-80D2-4D70-A4AF-3E5D35686A69}.Debug|Any CPU.Build.0 = Debug|Any CPU
		{1C70BD8B-80D2-4D70-A4AF-3E5D35686A69}.Release|Any CPU.ActiveCfg = Release|Any CPU
		{1C70BD8B-80D2-4D70-A4AF-3E5D35686A69}.Release|Any CPU.Build.0 = Release|Any CPU
		{17533D6D-69E2-4BD3-805D-107335307883}.Debug|Any CPU.ActiveCfg = Debug|Any CPU
		{17533D6D-69E2-4BD3-805D-107335307883}.Debug|Any CPU.Build.0 = Debug|Any CPU
		{17533D6D-69E2-4BD3-805D-107335307883}.Release|Any CPU.ActiveCfg = Release|Any CPU
		{17533D6D-69E2-4BD3-805D-107335307883}.Release|Any CPU.Build.0 = Release|Any CPU
		{DB391D57-1BAD-4BCF-BAD7-12665999F9E6}.Debug|Any CPU.ActiveCfg = Debug|Any CPU
		{DB391D57-1BAD-4BCF-BAD7-12665999F9E6}.Debug|Any CPU.Build.0 = Debug|Any CPU
		{DB391D57-1BAD-4BCF-BAD7-12665999F9E6}.Release|Any CPU.ActiveCfg = Release|Any CPU
		{DB391D57-1BAD-4BCF-BAD7-12665999F9E6}.Release|Any CPU.Build.0 = Release|Any CPU
		{3C0DF0C7-7B9B-4170-9E5B-B6294DC2EDD1}.Debug|Any CPU.ActiveCfg = Debug|Any CPU
		{3C0DF0C7-7B9B-4170-9E5B-B6294DC2EDD1}.Debug|Any CPU.Build.0 = Debug|Any CPU
		{3C0DF0C7-7B9B-4170-9E5B-B6294DC2EDD1}.Release|Any CPU.ActiveCfg = Release|Any CPU
		{3C0DF0C7-7B9B-4170-9E5B-B6294DC2EDD1}.Release|Any CPU.Build.0 = Release|Any CPU
		{5BAFC6D5-8C64-4DFE-8D64-20D90A2D6ACD}.Debug|Any CPU.ActiveCfg = Debug|Any CPU
		{5BAFC6D5-8C64-4DFE-8D64-20D90A2D6ACD}.Debug|Any CPU.Build.0 = Debug|Any CPU
		{5BAFC6D5-8C64-4DFE-8D64-20D90A2D6ACD}.Release|Any CPU.ActiveCfg = Release|Any CPU
		{5BAFC6D5-8C64-4DFE-8D64-20D90A2D6ACD}.Release|Any CPU.Build.0 = Release|Any CPU
		{56651356-C7DD-40CE-B3EF-634F4A1D3656}.Debug|Any CPU.ActiveCfg = Debug|Any CPU
		{56651356-C7DD-40CE-B3EF-634F4A1D3656}.Debug|Any CPU.Build.0 = Debug|Any CPU
		{56651356-C7DD-40CE-B3EF-634F4A1D3656}.Release|Any CPU.ActiveCfg = Release|Any CPU
		{56651356-C7DD-40CE-B3EF-634F4A1D3656}.Release|Any CPU.Build.0 = Release|Any CPU
		{14160A4D-87D0-4850-B5CA-24D4BAB36FEE}.Debug|Any CPU.ActiveCfg = Debug|Any CPU
		{14160A4D-87D0-4850-B5CA-24D4BAB36FEE}.Debug|Any CPU.Build.0 = Debug|Any CPU
		{14160A4D-87D0-4850-B5CA-24D4BAB36FEE}.Release|Any CPU.ActiveCfg = Release|Any CPU
		{14160A4D-87D0-4850-B5CA-24D4BAB36FEE}.Release|Any CPU.Build.0 = Release|Any CPU
		{A8ED8A13-A1D1-4512-98A5-FFB0C3EBFC82}.Debug|Any CPU.ActiveCfg = Debug|Any CPU
		{A8ED8A13-A1D1-4512-98A5-FFB0C3EBFC82}.Debug|Any CPU.Build.0 = Debug|Any CPU
		{A8ED8A13-A1D1-4512-98A5-FFB0C3EBFC82}.Release|Any CPU.ActiveCfg = Release|Any CPU
		{A8ED8A13-A1D1-4512-98A5-FFB0C3EBFC82}.Release|Any CPU.Build.0 = Release|Any CPU
		{4A25273B-B2E5-44D4-93A9-C53E4D8BF7E7}.Debug|Any CPU.ActiveCfg = Debug|Any CPU
		{4A25273B-B2E5-44D4-93A9-C53E4D8BF7E7}.Debug|Any CPU.Build.0 = Debug|Any CPU
		{4A25273B-B2E5-44D4-93A9-C53E4D8BF7E7}.Release|Any CPU.ActiveCfg = Release|Any CPU
		{4A25273B-B2E5-44D4-93A9-C53E4D8BF7E7}.Release|Any CPU.Build.0 = Release|Any CPU
		{2F531558-0C8A-462B-A7AE-A849DC204800}.Debug|Any CPU.ActiveCfg = Debug|Any CPU
		{2F531558-0C8A-462B-A7AE-A849DC204800}.Debug|Any CPU.Build.0 = Debug|Any CPU
		{2F531558-0C8A-462B-A7AE-A849DC204800}.Release|Any CPU.ActiveCfg = Release|Any CPU
		{2F531558-0C8A-462B-A7AE-A849DC204800}.Release|Any CPU.Build.0 = Release|Any CPU
		{61E33EDE-B5D6-4EB2-8F75-835EE0B7C825}.Debug|Any CPU.ActiveCfg = Debug|Any CPU
		{61E33EDE-B5D6-4EB2-8F75-835EE0B7C825}.Debug|Any CPU.Build.0 = Debug|Any CPU
		{61E33EDE-B5D6-4EB2-8F75-835EE0B7C825}.Release|Any CPU.ActiveCfg = Release|Any CPU
		{61E33EDE-B5D6-4EB2-8F75-835EE0B7C825}.Release|Any CPU.Build.0 = Release|Any CPU
		{3BC33820-ABC5-4B80-B1A2-4F7AF3E794DB}.Debug|Any CPU.ActiveCfg = Debug|Any CPU
		{3BC33820-ABC5-4B80-B1A2-4F7AF3E794DB}.Debug|Any CPU.Build.0 = Debug|Any CPU
		{3BC33820-ABC5-4B80-B1A2-4F7AF3E794DB}.Release|Any CPU.ActiveCfg = Release|Any CPU
		{3BC33820-ABC5-4B80-B1A2-4F7AF3E794DB}.Release|Any CPU.Build.0 = Release|Any CPU
		{5C34AB6C-6B5D-46DA-9C3E-E6850203D558}.Debug|Any CPU.ActiveCfg = Debug|Any CPU
		{5C34AB6C-6B5D-46DA-9C3E-E6850203D558}.Debug|Any CPU.Build.0 = Debug|Any CPU
		{5C34AB6C-6B5D-46DA-9C3E-E6850203D558}.Release|Any CPU.ActiveCfg = Release|Any CPU
		{5C34AB6C-6B5D-46DA-9C3E-E6850203D558}.Release|Any CPU.Build.0 = Release|Any CPU
		{F51DA026-82A8-4920-8FB4-29D757E4D234}.Debug|Any CPU.ActiveCfg = Debug|Any CPU
		{F51DA026-82A8-4920-8FB4-29D757E4D234}.Debug|Any CPU.Build.0 = Debug|Any CPU
		{F51DA026-82A8-4920-8FB4-29D757E4D234}.Release|Any CPU.ActiveCfg = Release|Any CPU
		{F51DA026-82A8-4920-8FB4-29D757E4D234}.Release|Any CPU.Build.0 = Release|Any CPU
		{8352547E-5786-48DA-BEC4-C7F8A5E754E8}.Debug|Any CPU.ActiveCfg = Debug|Any CPU
		{8352547E-5786-48DA-BEC4-C7F8A5E754E8}.Debug|Any CPU.Build.0 = Debug|Any CPU
		{8352547E-5786-48DA-BEC4-C7F8A5E754E8}.Release|Any CPU.ActiveCfg = Release|Any CPU
		{8352547E-5786-48DA-BEC4-C7F8A5E754E8}.Release|Any CPU.Build.0 = Release|Any CPU
		{1D2E57D9-3085-42BE-B086-D5A2DC554F98}.Debug|Any CPU.ActiveCfg = Debug|Any CPU
		{1D2E57D9-3085-42BE-B086-D5A2DC554F98}.Debug|Any CPU.Build.0 = Debug|Any CPU
		{1D2E57D9-3085-42BE-B086-D5A2DC554F98}.Release|Any CPU.ActiveCfg = Release|Any CPU
		{1D2E57D9-3085-42BE-B086-D5A2DC554F98}.Release|Any CPU.Build.0 = Release|Any CPU
		{39E1B873-E978-4DB5-A4A2-5350778AEF5E}.Debug|Any CPU.ActiveCfg = Debug|Any CPU
		{39E1B873-E978-4DB5-A4A2-5350778AEF5E}.Debug|Any CPU.Build.0 = Debug|Any CPU
		{39E1B873-E978-4DB5-A4A2-5350778AEF5E}.Release|Any CPU.ActiveCfg = Release|Any CPU
		{39E1B873-E978-4DB5-A4A2-5350778AEF5E}.Release|Any CPU.Build.0 = Release|Any CPU
		{03F4E968-9FBF-4ED8-AFAF-C7C87B46B359}.Debug|Any CPU.ActiveCfg = Debug|Any CPU
		{03F4E968-9FBF-4ED8-AFAF-C7C87B46B359}.Debug|Any CPU.Build.0 = Debug|Any CPU
		{03F4E968-9FBF-4ED8-AFAF-C7C87B46B359}.Release|Any CPU.ActiveCfg = Release|Any CPU
		{03F4E968-9FBF-4ED8-AFAF-C7C87B46B359}.Release|Any CPU.Build.0 = Release|Any CPU
		{A3528741-7ECF-4A0C-97FE-8441778E035B}.Debug|Any CPU.ActiveCfg = Debug|Any CPU
		{A3528741-7ECF-4A0C-97FE-8441778E035B}.Debug|Any CPU.Build.0 = Debug|Any CPU
		{A3528741-7ECF-4A0C-97FE-8441778E035B}.Release|Any CPU.ActiveCfg = Release|Any CPU
		{A3528741-7ECF-4A0C-97FE-8441778E035B}.Release|Any CPU.Build.0 = Release|Any CPU
		{ECFBE444-6813-41B5-9DF7-36585D5D0DF5}.Debug|Any CPU.ActiveCfg = Debug|Any CPU
		{ECFBE444-6813-41B5-9DF7-36585D5D0DF5}.Debug|Any CPU.Build.0 = Debug|Any CPU
		{ECFBE444-6813-41B5-9DF7-36585D5D0DF5}.Release|Any CPU.ActiveCfg = Release|Any CPU
		{ECFBE444-6813-41B5-9DF7-36585D5D0DF5}.Release|Any CPU.Build.0 = Release|Any CPU
		{9BBE7AA0-0C3C-438C-894A-E8844F468D25}.Debug|Any CPU.ActiveCfg = Debug|Any CPU
		{9BBE7AA0-0C3C-438C-894A-E8844F468D25}.Debug|Any CPU.Build.0 = Debug|Any CPU
		{9BBE7AA0-0C3C-438C-894A-E8844F468D25}.Release|Any CPU.ActiveCfg = Release|Any CPU
		{9BBE7AA0-0C3C-438C-894A-E8844F468D25}.Release|Any CPU.Build.0 = Release|Any CPU
		{1729B4E3-2B6E-442C-ABC0-5833141659E1}.Debug|Any CPU.ActiveCfg = Debug|Any CPU
		{1729B4E3-2B6E-442C-ABC0-5833141659E1}.Debug|Any CPU.Build.0 = Debug|Any CPU
		{1729B4E3-2B6E-442C-ABC0-5833141659E1}.Release|Any CPU.ActiveCfg = Release|Any CPU
		{1729B4E3-2B6E-442C-ABC0-5833141659E1}.Release|Any CPU.Build.0 = Release|Any CPU
		{82227C74-360B-48A8-BFE6-B310E8711FD6}.Debug|Any CPU.ActiveCfg = Debug|Any CPU
		{82227C74-360B-48A8-BFE6-B310E8711FD6}.Debug|Any CPU.Build.0 = Debug|Any CPU
		{82227C74-360B-48A8-BFE6-B310E8711FD6}.Release|Any CPU.ActiveCfg = Release|Any CPU
		{82227C74-360B-48A8-BFE6-B310E8711FD6}.Release|Any CPU.Build.0 = Release|Any CPU
		{ECBE0322-7B98-4CC0-A872-409E5FB8E4B1}.Debug|Any CPU.ActiveCfg = Debug|Any CPU
		{ECBE0322-7B98-4CC0-A872-409E5FB8E4B1}.Debug|Any CPU.Build.0 = Debug|Any CPU
		{ECBE0322-7B98-4CC0-A872-409E5FB8E4B1}.Release|Any CPU.ActiveCfg = Release|Any CPU
		{ECBE0322-7B98-4CC0-A872-409E5FB8E4B1}.Release|Any CPU.Build.0 = Release|Any CPU
		{CD1596D5-75F7-41F5-B087-6CF700B197E8}.Debug|Any CPU.ActiveCfg = Debug|Any CPU
		{CD1596D5-75F7-41F5-B087-6CF700B197E8}.Debug|Any CPU.Build.0 = Debug|Any CPU
		{CD1596D5-75F7-41F5-B087-6CF700B197E8}.Release|Any CPU.ActiveCfg = Release|Any CPU
		{CD1596D5-75F7-41F5-B087-6CF700B197E8}.Release|Any CPU.Build.0 = Release|Any CPU
		{0167A985-F660-4BDE-A813-4CF319E4C512}.Debug|Any CPU.ActiveCfg = Debug|Any CPU
		{0167A985-F660-4BDE-A813-4CF319E4C512}.Debug|Any CPU.Build.0 = Debug|Any CPU
		{0167A985-F660-4BDE-A813-4CF319E4C512}.Release|Any CPU.ActiveCfg = Release|Any CPU
		{0167A985-F660-4BDE-A813-4CF319E4C512}.Release|Any CPU.Build.0 = Release|Any CPU
		{FD1C517C-C8D1-48B5-A821-09D00AEBC0C4}.Debug|Any CPU.ActiveCfg = Debug|Any CPU
		{FD1C517C-C8D1-48B5-A821-09D00AEBC0C4}.Debug|Any CPU.Build.0 = Debug|Any CPU
		{FD1C517C-C8D1-48B5-A821-09D00AEBC0C4}.Release|Any CPU.ActiveCfg = Release|Any CPU
		{FD1C517C-C8D1-48B5-A821-09D00AEBC0C4}.Release|Any CPU.Build.0 = Release|Any CPU
		{AF5D0F66-8C2B-48F6-9E69-7BA4A3B0FFC2}.Debug|Any CPU.ActiveCfg = Debug|Any CPU
		{AF5D0F66-8C2B-48F6-9E69-7BA4A3B0FFC2}.Debug|Any CPU.Build.0 = Debug|Any CPU
		{AF5D0F66-8C2B-48F6-9E69-7BA4A3B0FFC2}.Release|Any CPU.ActiveCfg = Release|Any CPU
		{AF5D0F66-8C2B-48F6-9E69-7BA4A3B0FFC2}.Release|Any CPU.Build.0 = Release|Any CPU
		{467E1F7C-A4EF-42D8-A826-F83F3C535F93}.Debug|Any CPU.ActiveCfg = Debug|Any CPU
		{467E1F7C-A4EF-42D8-A826-F83F3C535F93}.Debug|Any CPU.Build.0 = Debug|Any CPU
		{467E1F7C-A4EF-42D8-A826-F83F3C535F93}.Release|Any CPU.ActiveCfg = Release|Any CPU
		{467E1F7C-A4EF-42D8-A826-F83F3C535F93}.Release|Any CPU.Build.0 = Release|Any CPU
		{B6F767C5-78CC-410F-B1C9-F0B8CDD771F2}.Debug|Any CPU.ActiveCfg = Debug|Any CPU
		{B6F767C5-78CC-410F-B1C9-F0B8CDD771F2}.Debug|Any CPU.Build.0 = Debug|Any CPU
		{B6F767C5-78CC-410F-B1C9-F0B8CDD771F2}.Release|Any CPU.ActiveCfg = Release|Any CPU
		{B6F767C5-78CC-410F-B1C9-F0B8CDD771F2}.Release|Any CPU.Build.0 = Release|Any CPU
		{252C6C88-86D0-43A2-BA35-8A02E2B8D4DD}.Debug|Any CPU.ActiveCfg = Debug|Any CPU
		{252C6C88-86D0-43A2-BA35-8A02E2B8D4DD}.Debug|Any CPU.Build.0 = Debug|Any CPU
		{252C6C88-86D0-43A2-BA35-8A02E2B8D4DD}.Release|Any CPU.ActiveCfg = Release|Any CPU
		{252C6C88-86D0-43A2-BA35-8A02E2B8D4DD}.Release|Any CPU.Build.0 = Release|Any CPU
		{CB43B30E-5989-40BB-93F1-8C3CF8FB9765}.Debug|Any CPU.ActiveCfg = Debug|Any CPU
		{CB43B30E-5989-40BB-93F1-8C3CF8FB9765}.Debug|Any CPU.Build.0 = Debug|Any CPU
		{CB43B30E-5989-40BB-93F1-8C3CF8FB9765}.Release|Any CPU.ActiveCfg = Release|Any CPU
		{CB43B30E-5989-40BB-93F1-8C3CF8FB9765}.Release|Any CPU.Build.0 = Release|Any CPU
		{A08177C1-2E09-4E13-9BE7-DB9A202A6A60}.Debug|Any CPU.ActiveCfg = Debug|Any CPU
		{A08177C1-2E09-4E13-9BE7-DB9A202A6A60}.Debug|Any CPU.Build.0 = Debug|Any CPU
		{A08177C1-2E09-4E13-9BE7-DB9A202A6A60}.Release|Any CPU.ActiveCfg = Release|Any CPU
		{A08177C1-2E09-4E13-9BE7-DB9A202A6A60}.Release|Any CPU.Build.0 = Release|Any CPU
		{B145F670-B95E-4E4C-99B1-31A15A297601}.Debug|Any CPU.ActiveCfg = Debug|Any CPU
		{B145F670-B95E-4E4C-99B1-31A15A297601}.Debug|Any CPU.Build.0 = Debug|Any CPU
		{B145F670-B95E-4E4C-99B1-31A15A297601}.Release|Any CPU.ActiveCfg = Release|Any CPU
		{B145F670-B95E-4E4C-99B1-31A15A297601}.Release|Any CPU.Build.0 = Release|Any CPU
		{B208C3CE-502C-4810-A073-5D484ABF25C8}.Debug|Any CPU.ActiveCfg = Debug|Any CPU
		{B208C3CE-502C-4810-A073-5D484ABF25C8}.Debug|Any CPU.Build.0 = Debug|Any CPU
		{B208C3CE-502C-4810-A073-5D484ABF25C8}.Release|Any CPU.ActiveCfg = Release|Any CPU
		{B208C3CE-502C-4810-A073-5D484ABF25C8}.Release|Any CPU.Build.0 = Release|Any CPU
		{35A97168-E6F9-4642-B38B-B7A4D43CEC99}.Debug|Any CPU.ActiveCfg = Debug|Any CPU
		{35A97168-E6F9-4642-B38B-B7A4D43CEC99}.Debug|Any CPU.Build.0 = Debug|Any CPU
		{35A97168-E6F9-4642-B38B-B7A4D43CEC99}.Release|Any CPU.ActiveCfg = Release|Any CPU
		{35A97168-E6F9-4642-B38B-B7A4D43CEC99}.Release|Any CPU.Build.0 = Release|Any CPU
		{0F84E074-1545-4701-9A7D-71405BE02CA1}.Debug|Any CPU.ActiveCfg = Debug|Any CPU
		{0F84E074-1545-4701-9A7D-71405BE02CA1}.Debug|Any CPU.Build.0 = Debug|Any CPU
		{0F84E074-1545-4701-9A7D-71405BE02CA1}.Release|Any CPU.ActiveCfg = Release|Any CPU
		{0F84E074-1545-4701-9A7D-71405BE02CA1}.Release|Any CPU.Build.0 = Release|Any CPU
		{1672AEA7-D7F1-4269-8447-10129F3D2F8D}.Debug|Any CPU.ActiveCfg = Debug|Any CPU
		{1672AEA7-D7F1-4269-8447-10129F3D2F8D}.Debug|Any CPU.Build.0 = Debug|Any CPU
		{1672AEA7-D7F1-4269-8447-10129F3D2F8D}.Release|Any CPU.ActiveCfg = Release|Any CPU
		{1672AEA7-D7F1-4269-8447-10129F3D2F8D}.Release|Any CPU.Build.0 = Release|Any CPU
	EndGlobalSection
	GlobalSection(SolutionProperties) = preSolution
		HideSolutionNode = FALSE
	EndGlobalSection
	GlobalSection(NestedProjects) = preSolution
		{AD9A3E72-EFD2-4A4B-ACC7-AF55F35B812D} = {0218411A-79BD-4A28-BB8F-BB1232E2D352}
		{C3F4873D-69D0-45D1-A116-CAABF2ED091F} = {AD9A3E72-EFD2-4A4B-ACC7-AF55F35B812D}
		{3723F8A6-43F1-44A5-A134-1116FB00A85D} = {0218411A-79BD-4A28-BB8F-BB1232E2D352}
		{88C27BD8-7641-4DE1-B753-775F388366D3} = {3723F8A6-43F1-44A5-A134-1116FB00A85D}
		{E67F86B2-D00D-42FE-8A71-A67367095481} = {0218411A-79BD-4A28-BB8F-BB1232E2D352}
		{79739C99-2847-4980-AC21-0AD4D3246559} = {E67F86B2-D00D-42FE-8A71-A67367095481}
		{1810671F-C9C7-454B-9D0C-82225351F076} = {0218411A-79BD-4A28-BB8F-BB1232E2D352}
		{E9CC92BE-1896-4EF6-B26A-C5AE5074125B} = {1810671F-C9C7-454B-9D0C-82225351F076}
		{365CF1BF-3455-42BF-A16F-FD4DD60C1AA0} = {0218411A-79BD-4A28-BB8F-BB1232E2D352}
		{90D20A01-D873-44FA-98E3-8EA55D750BC1} = {365CF1BF-3455-42BF-A16F-FD4DD60C1AA0}
		{1C42FEC2-EEEF-4606-A90A-D4C1A1584CA4} = {0218411A-79BD-4A28-BB8F-BB1232E2D352}
		{1FAC2B7F-DB81-4360-A148-81B6FFFA1859} = {1C42FEC2-EEEF-4606-A90A-D4C1A1584CA4}
		{C409125B-6702-4E3F-BE6F-C8DEDB019AEC} = {0218411A-79BD-4A28-BB8F-BB1232E2D352}
		{EF99887F-F918-4FE9-ACCB-67FA8B9D3B77} = {C409125B-6702-4E3F-BE6F-C8DEDB019AEC}
		{A40CFF97-5592-4CC3-8E1C-1908928A39FE} = {0218411A-79BD-4A28-BB8F-BB1232E2D352}
		{B82FFBDF-07F9-482C-80DF-F87A8404E3DC} = {A40CFF97-5592-4CC3-8E1C-1908928A39FE}
		{0EC70AB6-F95A-4D67-8F32-7E6B412FAA52} = {A40CFF97-5592-4CC3-8E1C-1908928A39FE}
		{CBC9EBB4-511F-4C29-97EB-3F752941D934} = {0218411A-79BD-4A28-BB8F-BB1232E2D352}
		{59D4BACC-5F33-4C22-A828-A7A4BE0F2CA1} = {CBC9EBB4-511F-4C29-97EB-3F752941D934}
		{9F502767-155A-49A4-983F-294CD089DECA} = {0218411A-79BD-4A28-BB8F-BB1232E2D352}
		{1BCD5892-7267-414B-9034-84429DBC2546} = {9F502767-155A-49A4-983F-294CD089DECA}
		{9A1D9067-5F53-4118-B1EB-821FAE3C09AC} = {0218411A-79BD-4A28-BB8F-BB1232E2D352}
		{DF424D51-5288-4F4B-8055-34DED9ECBB3A} = {9A1D9067-5F53-4118-B1EB-821FAE3C09AC}
		{1DCBB725-0A68-4DC3-B0F9-7D8460BB297C} = {0218411A-79BD-4A28-BB8F-BB1232E2D352}
		{30619758-D3CC-474E-B425-2BC398D082EE} = {1DCBB725-0A68-4DC3-B0F9-7D8460BB297C}
		{1A3CBAC9-A272-4E83-A848-6CCC3109D1F3} = {1DCBB725-0A68-4DC3-B0F9-7D8460BB297C}
		{38B125B2-699B-476B-877B-546AAA9F39BB} = {6DD7E81F-89FA-4501-9CEF-0D1104D5E4C4}
		{4CF7905A-C7E3-47C3-95E6-07946D4D5493} = {38B125B2-699B-476B-877B-546AAA9F39BB}
		{807AF15F-0693-4435-AF85-7DDC97AACBFD} = {6DD7E81F-89FA-4501-9CEF-0D1104D5E4C4}
		{BF594290-6CC6-42E1-B293-884DDB65B2F2} = {807AF15F-0693-4435-AF85-7DDC97AACBFD}
		{33074992-C94E-403A-A807-97C5CA1C3335} = {6DD7E81F-89FA-4501-9CEF-0D1104D5E4C4}
		{2E4D66B1-E214-415E-995C-F498B2FEF239} = {33074992-C94E-403A-A807-97C5CA1C3335}
		{679FAD53-8CC7-4A70-89BF-900DA9477130} = {6DD7E81F-89FA-4501-9CEF-0D1104D5E4C4}
		{82B868BA-FAFD-44E3-9395-66B695CF0C04} = {679FAD53-8CC7-4A70-89BF-900DA9477130}
		{9632BE8B-CC3F-4A9D-96EB-3CFE41CEAD0B} = {6DD7E81F-89FA-4501-9CEF-0D1104D5E4C4}
		{31A07B26-1FE7-4093-95B0-D850A05C6129} = {9632BE8B-CC3F-4A9D-96EB-3CFE41CEAD0B}
		{DBDD10D0-F734-485D-8C47-92DB3650B42B} = {6DD7E81F-89FA-4501-9CEF-0D1104D5E4C4}
		{C53C586F-B6CF-4C97-B2CB-02E41B0E4EB5} = {DBDD10D0-F734-485D-8C47-92DB3650B42B}
		{A211E893-1038-4B68-8C14-50FD5C218C05} = {DBDD10D0-F734-485D-8C47-92DB3650B42B}
		{F2177437-2042-415D-A6E4-355C7EC8496B} = {B5E62D21-BDC8-4D0D-A7DE-187DDF8881C6}
		{B5E62D21-BDC8-4D0D-A7DE-187DDF8881C6} = {6DD7E81F-89FA-4501-9CEF-0D1104D5E4C4}
		{90D50F3A-33D7-4151-8AC2-29782C99ED9A} = {6DD7E81F-89FA-4501-9CEF-0D1104D5E4C4}
		{0E68A8AB-5AC9-463A-A5B3-3204EE9AAC6B} = {90D50F3A-33D7-4151-8AC2-29782C99ED9A}
		{B4241E54-8873-47EC-80C1-B0BE192ACE58} = {6DD7E81F-89FA-4501-9CEF-0D1104D5E4C4}
		{380634C4-EE86-4C27-B471-8C4C23B15D07} = {B4241E54-8873-47EC-80C1-B0BE192ACE58}
		{D817051A-FBE1-48F4-9B8E-879CD0D30D75} = {DBDD10D0-F734-485D-8C47-92DB3650B42B}
		{BA3C0F23-D84D-4CC6-8462-DC0972C39951} = {DBDD10D0-F734-485D-8C47-92DB3650B42B}
		{21A77E26-46EC-450E-9800-07214979F893} = {6DD7E81F-89FA-4501-9CEF-0D1104D5E4C4}
		{1B242EEC-4714-478D-8151-BCEF0DC0C8BE} = {21A77E26-46EC-450E-9800-07214979F893}
		{BB06289C-8156-4E5C-B9E4-5C8AE6A00F73} = {81F205D4-0A3D-4BB3-8384-38D6E5097949}
		{11FC984C-72C9-4036-B027-F08C4A1DCE3F} = {81F205D4-0A3D-4BB3-8384-38D6E5097949}
		{18BFA4DD-32F1-41A7-BD31-587FD779A426} = {81F205D4-0A3D-4BB3-8384-38D6E5097949}
		{1C2D086F-5231-43DC-8A96-81DDFF4F2002} = {81F205D4-0A3D-4BB3-8384-38D6E5097949}
		{F583C3FD-104B-4D9F-85C1-59F781387908} = {BB06289C-8156-4E5C-B9E4-5C8AE6A00F73}
		{E8DDB55E-4470-4743-AAC9-119EF83BBD3A} = {11FC984C-72C9-4036-B027-F08C4A1DCE3F}
		{049FB23B-BB78-4F98-BD6F-43046F8029C8} = {18BFA4DD-32F1-41A7-BD31-587FD779A426}
		{3DB14AF1-796A-4D9F-86AC-E637FEAA1187} = {1C2D086F-5231-43DC-8A96-81DDFF4F2002}
		{A8F6FB2F-9019-433C-90B6-1EC0D4E4C82F} = {81F205D4-0A3D-4BB3-8384-38D6E5097949}
		{500B9FBA-CC5D-4711-98CC-EB08C2C64F41} = {A8F6FB2F-9019-433C-90B6-1EC0D4E4C82F}
		{784542EC-04DF-457E-A9CE-B5F7C1462826} = {81F205D4-0A3D-4BB3-8384-38D6E5097949}
		{A5CE8528-7AB8-404C-9D44-7EC456DB67B4} = {784542EC-04DF-457E-A9CE-B5F7C1462826}
		{ADB9C269-60FE-449F-BEAF-F5B994F1876F} = {A8F6FB2F-9019-433C-90B6-1EC0D4E4C82F}
		{1A888391-B804-43BB-A27C-BD7FC3EDD8C0} = {784542EC-04DF-457E-A9CE-B5F7C1462826}
		{AD3BACC8-AA27-4FA0-BD37-0815A96F8A19} = {784542EC-04DF-457E-A9CE-B5F7C1462826}
		{AB9555AD-99B5-4109-A9A8-128A36E24245} = {54ED658F-3C51-4B71-A91B-97B9C60CB27C}
		{54ED658F-3C51-4B71-A91B-97B9C60CB27C} = {F2E529EA-46F5-4004-ABCE-3DCEA68CA902}
		{9C4A66B6-7424-4F09-873C-998AC8CB8CEE} = {F2E529EA-46F5-4004-ABCE-3DCEA68CA902}
		{B0E930A1-8F10-4A74-A5D9-1E6DDEF39618} = {9C4A66B6-7424-4F09-873C-998AC8CB8CEE}
		{E79E5E56-B47E-46E9-A5AE-5AAFBD3F0FF6} = {54ED658F-3C51-4B71-A91B-97B9C60CB27C}
		{1E8AB9EC-A596-4608-846A-2DA3B5DEC4C2} = {54ED658F-3C51-4B71-A91B-97B9C60CB27C}
		{D91E1CC6-3194-4EA3-8D03-4D7AA099EE60} = {F2E529EA-46F5-4004-ABCE-3DCEA68CA902}
		{7F6E638F-3369-4A01-9146-135576CA0592} = {D91E1CC6-3194-4EA3-8D03-4D7AA099EE60}
		{D39C39E4-3E0F-4316-A4A2-766F97AE4C44} = {F2E529EA-46F5-4004-ABCE-3DCEA68CA902}
		{A904B5DD-683C-4C73-BD48-CCA635508F0E} = {D39C39E4-3E0F-4316-A4A2-766F97AE4C44}
		{AE351603-BCFF-460F-833E-C7184BF961A0} = {F2E529EA-46F5-4004-ABCE-3DCEA68CA902}
		{EF84E400-E9FE-4ED7-BC9A-300663119FB4} = {AE351603-BCFF-460F-833E-C7184BF961A0}
		{DC578F99-45D4-4858-935F-ABA22C09E209} = {F2E529EA-46F5-4004-ABCE-3DCEA68CA902}
		{596B3AB8-2A7E-4CA8-90D1-E93CEC8B1885} = {DC578F99-45D4-4858-935F-ABA22C09E209}
		{54787A0D-8C72-44A7-8FE3-FB3CE6ED415C} = {9C4A66B6-7424-4F09-873C-998AC8CB8CEE}
		{76AF3931-5C73-44EC-8D98-858ED14E202F} = {9C4A66B6-7424-4F09-873C-998AC8CB8CEE}
		{45596FD3-4B33-4199-91C6-4CE6BB456D97} = {DC578F99-45D4-4858-935F-ABA22C09E209}
		{1C70BD8B-80D2-4D70-A4AF-3E5D35686A69} = {9C4A66B6-7424-4F09-873C-998AC8CB8CEE}
		{73EC2FD8-6EE8-4C0A-BF21-EA65C8B27568} = {F2E529EA-46F5-4004-ABCE-3DCEA68CA902}
		{17533D6D-69E2-4BD3-805D-107335307883} = {73EC2FD8-6EE8-4C0A-BF21-EA65C8B27568}
		{DB391D57-1BAD-4BCF-BAD7-12665999F9E6} = {9C4A66B6-7424-4F09-873C-998AC8CB8CEE}
		{3C0DF0C7-7B9B-4170-9E5B-B6294DC2EDD1} = {9C4A66B6-7424-4F09-873C-998AC8CB8CEE}
		{5BAFC6D5-8C64-4DFE-8D64-20D90A2D6ACD} = {151B3DDF-CA04-4DF1-945F-58DA392ADE43}
		{151B3DDF-CA04-4DF1-945F-58DA392ADE43} = {91BD41D2-55AA-4080-BF8C-85EF7AC451F1}
		{56651356-C7DD-40CE-B3EF-634F4A1D3656} = {D39C39E4-3E0F-4316-A4A2-766F97AE4C44}
		{14160A4D-87D0-4850-B5CA-24D4BAB36FEE} = {D39C39E4-3E0F-4316-A4A2-766F97AE4C44}
		{A8ED8A13-A1D1-4512-98A5-FFB0C3EBFC82} = {3C7699D6-919D-447C-A6A6-F3253885FF5B}
		{4A25273B-B2E5-44D4-93A9-C53E4D8BF7E7} = {3C7699D6-919D-447C-A6A6-F3253885FF5B}
		{2DD14544-D534-4191-9D10-47E6CADF2880} = {70A227FD-30C8-4B28-9A3E-6E27E19F2D04}
		{2F531558-0C8A-462B-A7AE-A849DC204800} = {2DD14544-D534-4191-9D10-47E6CADF2880}
		{3C7699D6-919D-447C-A6A6-F3253885FF5B} = {70A227FD-30C8-4B28-9A3E-6E27E19F2D04}
		{61E33EDE-B5D6-4EB2-8F75-835EE0B7C825} = {2DD14544-D534-4191-9D10-47E6CADF2880}
		{F839D3C1-92C4-486F-805A-640EF0D62154} = {70A227FD-30C8-4B28-9A3E-6E27E19F2D04}
		{3BC33820-ABC5-4B80-B1A2-4F7AF3E794DB} = {F839D3C1-92C4-486F-805A-640EF0D62154}
		{5C34AB6C-6B5D-46DA-9C3E-E6850203D558} = {2DD14544-D534-4191-9D10-47E6CADF2880}
		{4833A679-2956-49A4-9557-26ACB96A0303} = {70A227FD-30C8-4B28-9A3E-6E27E19F2D04}
		{F51DA026-82A8-4920-8FB4-29D757E4D234} = {4833A679-2956-49A4-9557-26ACB96A0303}
		{D908F55F-7B4E-42EF-B094-93FF4BA377A1} = {70A227FD-30C8-4B28-9A3E-6E27E19F2D04}
		{8352547E-5786-48DA-BEC4-C7F8A5E754E8} = {D908F55F-7B4E-42EF-B094-93FF4BA377A1}
		{89C90F87-159A-47AB-BD86-3453B42AAB33} = {70A227FD-30C8-4B28-9A3E-6E27E19F2D04}
		{1D2E57D9-3085-42BE-B086-D5A2DC554F98} = {89C90F87-159A-47AB-BD86-3453B42AAB33}
		{8EE54928-AED8-4890-A472-589DF25F7271} = {C8CBDB51-4DDC-4AD5-872F-5625B1AD9B20}
		{39E1B873-E978-4DB5-A4A2-5350778AEF5E} = {8EE54928-AED8-4890-A472-589DF25F7271}
		{03F4E968-9FBF-4ED8-AFAF-C7C87B46B359} = {90B87E13-92B7-41B0-8EB3-872B41F3A87D}
		{90B87E13-92B7-41B0-8EB3-872B41F3A87D} = {C8CBDB51-4DDC-4AD5-872F-5625B1AD9B20}
		{169CBCCE-C98E-4BC0-AF8B-A42D4C5C201C} = {C8CBDB51-4DDC-4AD5-872F-5625B1AD9B20}
		{A3528741-7ECF-4A0C-97FE-8441778E035B} = {169CBCCE-C98E-4BC0-AF8B-A42D4C5C201C}
		{9B564420-CD6F-4125-874D-2C143193C713} = {C8CBDB51-4DDC-4AD5-872F-5625B1AD9B20}
		{ECFBE444-6813-41B5-9DF7-36585D5D0DF5} = {9B564420-CD6F-4125-874D-2C143193C713}
		{DAB7914C-AE2E-462E-9CE3-FF4FF6333C94} = {C8CBDB51-4DDC-4AD5-872F-5625B1AD9B20}
		{9BBE7AA0-0C3C-438C-894A-E8844F468D25} = {DAB7914C-AE2E-462E-9CE3-FF4FF6333C94}
		{B32E00A6-CDFE-43F7-B5C7-65C8D415E0A0} = {C8CBDB51-4DDC-4AD5-872F-5625B1AD9B20}
		{1729B4E3-2B6E-442C-ABC0-5833141659E1} = {B32E00A6-CDFE-43F7-B5C7-65C8D415E0A0}
		{A8AB26D2-A84E-49AA-B86E-8EEF7456542B} = {C8CBDB51-4DDC-4AD5-872F-5625B1AD9B20}
		{82227C74-360B-48A8-BFE6-B310E8711FD6} = {A8AB26D2-A84E-49AA-B86E-8EEF7456542B}
		{F89B0BA4-B770-4AA5-9119-2D75F9422B9E} = {C8CBDB51-4DDC-4AD5-872F-5625B1AD9B20}
		{ECBE0322-7B98-4CC0-A872-409E5FB8E4B1} = {F89B0BA4-B770-4AA5-9119-2D75F9422B9E}
		{CD1596D5-75F7-41F5-B087-6CF700B197E8} = {C6413E9A-0F69-4998-855C-23D50C2E4257}
		{0167A985-F660-4BDE-A813-4CF319E4C512} = {C6413E9A-0F69-4998-855C-23D50C2E4257}
		{B10AD0DE-FB8C-403D-8555-AB640612A02C} = {C6413E9A-0F69-4998-855C-23D50C2E4257}
		{FD1C517C-C8D1-48B5-A821-09D00AEBC0C4} = {B10AD0DE-FB8C-403D-8555-AB640612A02C}
		{AF5D0F66-8C2B-48F6-9E69-7BA4A3B0FFC2} = {ACCCDED1-90AD-444B-98A7-4DE1589FB997}
		{467E1F7C-A4EF-42D8-A826-F83F3C535F93} = {ACCCDED1-90AD-444B-98A7-4DE1589FB997}
		{B6F767C5-78CC-410F-B1C9-F0B8CDD771F2} = {ACCCDED1-90AD-444B-98A7-4DE1589FB997}
		{252C6C88-86D0-43A2-BA35-8A02E2B8D4DD} = {ACCCDED1-90AD-444B-98A7-4DE1589FB997}
		{CB43B30E-5989-40BB-93F1-8C3CF8FB9765} = {ACCCDED1-90AD-444B-98A7-4DE1589FB997}
		{A08177C1-2E09-4E13-9BE7-DB9A202A6A60} = {A74DD7BA-B00D-445F-A7E0-6AFA96AE4204}
		{B145F670-B95E-4E4C-99B1-31A15A297601} = {A74DD7BA-B00D-445F-A7E0-6AFA96AE4204}
		{B208C3CE-502C-4810-A073-5D484ABF25C8} = {A74DD7BA-B00D-445F-A7E0-6AFA96AE4204}
		{AE57D8C4-71F9-4A65-8EE7-B12D946186E5} = {A74DD7BA-B00D-445F-A7E0-6AFA96AE4204}
		{35A97168-E6F9-4642-B38B-B7A4D43CEC99} = {AE57D8C4-71F9-4A65-8EE7-B12D946186E5}
		{0F84E074-1545-4701-9A7D-71405BE02CA1} = {CBAB22AA-386D-4EB0-A094-B58D063441CE}
		{1672AEA7-D7F1-4269-8447-10129F3D2F8D} = {9BA33B83-8386-42A1-A2A8-B3612DD4DF82}
	EndGlobalSection
	GlobalSection(ExtensibilityGlobals) = postSolution
		SolutionGuid = {E444480A-E709-4659-987F-B136A9868B48}
	EndGlobalSection
EndGlobal
